// !$*UTF8*$!
{
	archiveVersion = 1;
	classes = {
	};
	objectVersion = 46;
	objects = {

/* Begin PBXBuildFile section */
		9A171F2B1D64796700D48B84 /* main.m in Sources */ = {isa = PBXBuildFile; fileRef = 9A171F2A1D64796700D48B84 /* main.m */; };
		9A171F2E1D64796700D48B84 /* AppDelegate.m in Sources */ = {isa = PBXBuildFile; fileRef = 9A171F2D1D64796700D48B84 /* AppDelegate.m */; };
		9A171F311D64796700D48B84 /* ViewController.m in Sources */ = {isa = PBXBuildFile; fileRef = 9A171F301D64796700D48B84 /* ViewController.m */; };
		9A171F341D64796800D48B84 /* Main.storyboard in Resources */ = {isa = PBXBuildFile; fileRef = 9A171F321D64796800D48B84 /* Main.storyboard */; };
		9A171F361D64796800D48B84 /* Assets.xcassets in Resources */ = {isa = PBXBuildFile; fileRef = 9A171F351D64796800D48B84 /* Assets.xcassets */; };
		9A171F391D64796800D48B84 /* LaunchScreen.storyboard in Resources */ = {isa = PBXBuildFile; fileRef = 9A171F371D64796800D48B84 /* LaunchScreen.storyboard */; };
		9A3FCB8C1D6548BF0058D4A4 /* PushViewController.m in Sources */ = {isa = PBXBuildFile; fileRef = 9A3FCB8B1D6548BF0058D4A4 /* PushViewController.m */; };
		9A48CF0B1E9F7CFF002A4E87 /* DeleteEmoticonBtn@2x.png in Resources */ = {isa = PBXBuildFile; fileRef = 9A48CE9F1E9F7CFF002A4E87 /* DeleteEmoticonBtn@2x.png */; };
		9A48CF0C1E9F7CFF002A4E87 /* DeleteEmoticonBtnHL@2x.png in Resources */ = {isa = PBXBuildFile; fileRef = 9A48CEA01E9F7CFF002A4E87 /* DeleteEmoticonBtnHL@2x.png */; };
		9A48CF0D1E9F7CFF002A4E87 /* emotion_icons.plist in Resources */ = {isa = PBXBuildFile; fileRef = 9A48CEA11E9F7CFF002A4E87 /* emotion_icons.plist */; };
		9A48CF0E1E9F7CFF002A4E87 /* Expression_100@2x.png in Resources */ = {isa = PBXBuildFile; fileRef = 9A48CEA21E9F7CFF002A4E87 /* Expression_100@2x.png */; };
		9A48CF0F1E9F7CFF002A4E87 /* Expression_101@2x.png in Resources */ = {isa = PBXBuildFile; fileRef = 9A48CEA31E9F7CFF002A4E87 /* Expression_101@2x.png */; };
		9A48CF101E9F7CFF002A4E87 /* Expression_102@2x.png in Resources */ = {isa = PBXBuildFile; fileRef = 9A48CEA41E9F7CFF002A4E87 /* Expression_102@2x.png */; };
		9A48CF111E9F7CFF002A4E87 /* Expression_103@2x.png in Resources */ = {isa = PBXBuildFile; fileRef = 9A48CEA51E9F7CFF002A4E87 /* Expression_103@2x.png */; };
		9A48CF121E9F7CFF002A4E87 /* Expression_104@2x.png in Resources */ = {isa = PBXBuildFile; fileRef = 9A48CEA61E9F7CFF002A4E87 /* Expression_104@2x.png */; };
		9A48CF131E9F7CFF002A4E87 /* Expression_105@2x.png in Resources */ = {isa = PBXBuildFile; fileRef = 9A48CEA71E9F7CFF002A4E87 /* Expression_105@2x.png */; };
		9A48CF141E9F7CFF002A4E87 /* Expression_10@2x.png in Resources */ = {isa = PBXBuildFile; fileRef = 9A48CEA81E9F7CFF002A4E87 /* Expression_10@2x.png */; };
		9A48CF151E9F7CFF002A4E87 /* Expression_11@2x.png in Resources */ = {isa = PBXBuildFile; fileRef = 9A48CEA91E9F7CFF002A4E87 /* Expression_11@2x.png */; };
		9A48CF161E9F7CFF002A4E87 /* Expression_12@2x.png in Resources */ = {isa = PBXBuildFile; fileRef = 9A48CEAA1E9F7CFF002A4E87 /* Expression_12@2x.png */; };
		9A48CF171E9F7CFF002A4E87 /* Expression_13@2x.png in Resources */ = {isa = PBXBuildFile; fileRef = 9A48CEAB1E9F7CFF002A4E87 /* Expression_13@2x.png */; };
		9A48CF181E9F7CFF002A4E87 /* Expression_14@2x.png in Resources */ = {isa = PBXBuildFile; fileRef = 9A48CEAC1E9F7CFF002A4E87 /* Expression_14@2x.png */; };
		9A48CF191E9F7CFF002A4E87 /* Expression_15@2x.png in Resources */ = {isa = PBXBuildFile; fileRef = 9A48CEAD1E9F7CFF002A4E87 /* Expression_15@2x.png */; };
		9A48CF1A1E9F7CFF002A4E87 /* Expression_16@2x.png in Resources */ = {isa = PBXBuildFile; fileRef = 9A48CEAE1E9F7CFF002A4E87 /* Expression_16@2x.png */; };
		9A48CF1B1E9F7CFF002A4E87 /* Expression_17@2x.png in Resources */ = {isa = PBXBuildFile; fileRef = 9A48CEAF1E9F7CFF002A4E87 /* Expression_17@2x.png */; };
		9A48CF1C1E9F7CFF002A4E87 /* Expression_18@2x.png in Resources */ = {isa = PBXBuildFile; fileRef = 9A48CEB01E9F7CFF002A4E87 /* Expression_18@2x.png */; };
		9A48CF1D1E9F7CFF002A4E87 /* Expression_19@2x.png in Resources */ = {isa = PBXBuildFile; fileRef = 9A48CEB11E9F7CFF002A4E87 /* Expression_19@2x.png */; };
		9A48CF1E1E9F7CFF002A4E87 /* Expression_1@2x.png in Resources */ = {isa = PBXBuildFile; fileRef = 9A48CEB21E9F7CFF002A4E87 /* Expression_1@2x.png */; };
		9A48CF1F1E9F7CFF002A4E87 /* Expression_20@2x.png in Resources */ = {isa = PBXBuildFile; fileRef = 9A48CEB31E9F7CFF002A4E87 /* Expression_20@2x.png */; };
		9A48CF201E9F7CFF002A4E87 /* Expression_21@2x.png in Resources */ = {isa = PBXBuildFile; fileRef = 9A48CEB41E9F7CFF002A4E87 /* Expression_21@2x.png */; };
		9A48CF211E9F7CFF002A4E87 /* Expression_22@2x.png in Resources */ = {isa = PBXBuildFile; fileRef = 9A48CEB51E9F7CFF002A4E87 /* Expression_22@2x.png */; };
		9A48CF221E9F7CFF002A4E87 /* Expression_23@2x.png in Resources */ = {isa = PBXBuildFile; fileRef = 9A48CEB61E9F7CFF002A4E87 /* Expression_23@2x.png */; };
		9A48CF231E9F7CFF002A4E87 /* Expression_24@2x.png in Resources */ = {isa = PBXBuildFile; fileRef = 9A48CEB71E9F7CFF002A4E87 /* Expression_24@2x.png */; };
		9A48CF241E9F7CFF002A4E87 /* Expression_25@2x.png in Resources */ = {isa = PBXBuildFile; fileRef = 9A48CEB81E9F7CFF002A4E87 /* Expression_25@2x.png */; };
		9A48CF251E9F7CFF002A4E87 /* Expression_26@2x.png in Resources */ = {isa = PBXBuildFile; fileRef = 9A48CEB91E9F7CFF002A4E87 /* Expression_26@2x.png */; };
		9A48CF261E9F7CFF002A4E87 /* Expression_27@2x.png in Resources */ = {isa = PBXBuildFile; fileRef = 9A48CEBA1E9F7CFF002A4E87 /* Expression_27@2x.png */; };
		9A48CF271E9F7CFF002A4E87 /* Expression_28@2x.png in Resources */ = {isa = PBXBuildFile; fileRef = 9A48CEBB1E9F7CFF002A4E87 /* Expression_28@2x.png */; };
		9A48CF281E9F7CFF002A4E87 /* Expression_29@2x.png in Resources */ = {isa = PBXBuildFile; fileRef = 9A48CEBC1E9F7CFF002A4E87 /* Expression_29@2x.png */; };
		9A48CF291E9F7CFF002A4E87 /* Expression_2@2x.png in Resources */ = {isa = PBXBuildFile; fileRef = 9A48CEBD1E9F7CFF002A4E87 /* Expression_2@2x.png */; };
		9A48CF2A1E9F7CFF002A4E87 /* Expression_30@2x.png in Resources */ = {isa = PBXBuildFile; fileRef = 9A48CEBE1E9F7CFF002A4E87 /* Expression_30@2x.png */; };
		9A48CF2B1E9F7CFF002A4E87 /* Expression_31@2x.png in Resources */ = {isa = PBXBuildFile; fileRef = 9A48CEBF1E9F7CFF002A4E87 /* Expression_31@2x.png */; };
		9A48CF2C1E9F7CFF002A4E87 /* Expression_32@2x.png in Resources */ = {isa = PBXBuildFile; fileRef = 9A48CEC01E9F7CFF002A4E87 /* Expression_32@2x.png */; };
		9A48CF2D1E9F7CFF002A4E87 /* Expression_33@2x.png in Resources */ = {isa = PBXBuildFile; fileRef = 9A48CEC11E9F7CFF002A4E87 /* Expression_33@2x.png */; };
		9A48CF2E1E9F7CFF002A4E87 /* Expression_34@2x.png in Resources */ = {isa = PBXBuildFile; fileRef = 9A48CEC21E9F7CFF002A4E87 /* Expression_34@2x.png */; };
		9A48CF2F1E9F7CFF002A4E87 /* Expression_35@2x.png in Resources */ = {isa = PBXBuildFile; fileRef = 9A48CEC31E9F7CFF002A4E87 /* Expression_35@2x.png */; };
		9A48CF301E9F7CFF002A4E87 /* Expression_36@2x.png in Resources */ = {isa = PBXBuildFile; fileRef = 9A48CEC41E9F7CFF002A4E87 /* Expression_36@2x.png */; };
		9A48CF311E9F7CFF002A4E87 /* Expression_37@2x.png in Resources */ = {isa = PBXBuildFile; fileRef = 9A48CEC51E9F7CFF002A4E87 /* Expression_37@2x.png */; };
		9A48CF321E9F7CFF002A4E87 /* Expression_38@2x.png in Resources */ = {isa = PBXBuildFile; fileRef = 9A48CEC61E9F7CFF002A4E87 /* Expression_38@2x.png */; };
		9A48CF331E9F7CFF002A4E87 /* Expression_39@2x.png in Resources */ = {isa = PBXBuildFile; fileRef = 9A48CEC71E9F7CFF002A4E87 /* Expression_39@2x.png */; };
		9A48CF341E9F7CFF002A4E87 /* Expression_3@2x.png in Resources */ = {isa = PBXBuildFile; fileRef = 9A48CEC81E9F7CFF002A4E87 /* Expression_3@2x.png */; };
		9A48CF351E9F7CFF002A4E87 /* Expression_40@2x.png in Resources */ = {isa = PBXBuildFile; fileRef = 9A48CEC91E9F7CFF002A4E87 /* Expression_40@2x.png */; };
		9A48CF361E9F7CFF002A4E87 /* Expression_41@2x.png in Resources */ = {isa = PBXBuildFile; fileRef = 9A48CECA1E9F7CFF002A4E87 /* Expression_41@2x.png */; };
		9A48CF371E9F7CFF002A4E87 /* Expression_42@2x.png in Resources */ = {isa = PBXBuildFile; fileRef = 9A48CECB1E9F7CFF002A4E87 /* Expression_42@2x.png */; };
		9A48CF381E9F7CFF002A4E87 /* Expression_43@2x.png in Resources */ = {isa = PBXBuildFile; fileRef = 9A48CECC1E9F7CFF002A4E87 /* Expression_43@2x.png */; };
		9A48CF391E9F7CFF002A4E87 /* Expression_44@2x.png in Resources */ = {isa = PBXBuildFile; fileRef = 9A48CECD1E9F7CFF002A4E87 /* Expression_44@2x.png */; };
		9A48CF3A1E9F7CFF002A4E87 /* Expression_45@2x.png in Resources */ = {isa = PBXBuildFile; fileRef = 9A48CECE1E9F7CFF002A4E87 /* Expression_45@2x.png */; };
		9A48CF3B1E9F7CFF002A4E87 /* Expression_46@2x.png in Resources */ = {isa = PBXBuildFile; fileRef = 9A48CECF1E9F7CFF002A4E87 /* Expression_46@2x.png */; };
		9A48CF3C1E9F7CFF002A4E87 /* Expression_47@2x.png in Resources */ = {isa = PBXBuildFile; fileRef = 9A48CED01E9F7CFF002A4E87 /* Expression_47@2x.png */; };
		9A48CF3D1E9F7CFF002A4E87 /* Expression_48@2x.png in Resources */ = {isa = PBXBuildFile; fileRef = 9A48CED11E9F7CFF002A4E87 /* Expression_48@2x.png */; };
		9A48CF3E1E9F7CFF002A4E87 /* Expression_49@2x.png in Resources */ = {isa = PBXBuildFile; fileRef = 9A48CED21E9F7CFF002A4E87 /* Expression_49@2x.png */; };
		9A48CF3F1E9F7CFF002A4E87 /* Expression_4@2x.png in Resources */ = {isa = PBXBuildFile; fileRef = 9A48CED31E9F7CFF002A4E87 /* Expression_4@2x.png */; };
		9A48CF401E9F7CFF002A4E87 /* Expression_50@2x.png in Resources */ = {isa = PBXBuildFile; fileRef = 9A48CED41E9F7CFF002A4E87 /* Expression_50@2x.png */; };
		9A48CF411E9F7CFF002A4E87 /* Expression_51@2x.png in Resources */ = {isa = PBXBuildFile; fileRef = 9A48CED51E9F7CFF002A4E87 /* Expression_51@2x.png */; };
		9A48CF421E9F7CFF002A4E87 /* Expression_52@2x.png in Resources */ = {isa = PBXBuildFile; fileRef = 9A48CED61E9F7CFF002A4E87 /* Expression_52@2x.png */; };
		9A48CF431E9F7CFF002A4E87 /* Expression_53@2x.png in Resources */ = {isa = PBXBuildFile; fileRef = 9A48CED71E9F7CFF002A4E87 /* Expression_53@2x.png */; };
		9A48CF441E9F7CFF002A4E87 /* Expression_54@2x.png in Resources */ = {isa = PBXBuildFile; fileRef = 9A48CED81E9F7CFF002A4E87 /* Expression_54@2x.png */; };
		9A48CF451E9F7CFF002A4E87 /* Expression_55@2x.png in Resources */ = {isa = PBXBuildFile; fileRef = 9A48CED91E9F7CFF002A4E87 /* Expression_55@2x.png */; };
		9A48CF461E9F7CFF002A4E87 /* Expression_56@2x.png in Resources */ = {isa = PBXBuildFile; fileRef = 9A48CEDA1E9F7CFF002A4E87 /* Expression_56@2x.png */; };
		9A48CF471E9F7CFF002A4E87 /* Expression_57@2x.png in Resources */ = {isa = PBXBuildFile; fileRef = 9A48CEDB1E9F7CFF002A4E87 /* Expression_57@2x.png */; };
		9A48CF481E9F7CFF002A4E87 /* Expression_58@2x.png in Resources */ = {isa = PBXBuildFile; fileRef = 9A48CEDC1E9F7CFF002A4E87 /* Expression_58@2x.png */; };
		9A48CF491E9F7CFF002A4E87 /* Expression_59@2x.png in Resources */ = {isa = PBXBuildFile; fileRef = 9A48CEDD1E9F7CFF002A4E87 /* Expression_59@2x.png */; };
		9A48CF4A1E9F7CFF002A4E87 /* Expression_5@2x.png in Resources */ = {isa = PBXBuildFile; fileRef = 9A48CEDE1E9F7CFF002A4E87 /* Expression_5@2x.png */; };
		9A48CF4B1E9F7CFF002A4E87 /* Expression_60@2x.png in Resources */ = {isa = PBXBuildFile; fileRef = 9A48CEDF1E9F7CFF002A4E87 /* Expression_60@2x.png */; };
		9A48CF4C1E9F7CFF002A4E87 /* Expression_61@2x.png in Resources */ = {isa = PBXBuildFile; fileRef = 9A48CEE01E9F7CFF002A4E87 /* Expression_61@2x.png */; };
		9A48CF4D1E9F7CFF002A4E87 /* Expression_62@2x.png in Resources */ = {isa = PBXBuildFile; fileRef = 9A48CEE11E9F7CFF002A4E87 /* Expression_62@2x.png */; };
		9A48CF4E1E9F7CFF002A4E87 /* Expression_63@2x.png in Resources */ = {isa = PBXBuildFile; fileRef = 9A48CEE21E9F7CFF002A4E87 /* Expression_63@2x.png */; };
		9A48CF4F1E9F7CFF002A4E87 /* Expression_64@2x.png in Resources */ = {isa = PBXBuildFile; fileRef = 9A48CEE31E9F7CFF002A4E87 /* Expression_64@2x.png */; };
		9A48CF501E9F7CFF002A4E87 /* Expression_65@2x.png in Resources */ = {isa = PBXBuildFile; fileRef = 9A48CEE41E9F7CFF002A4E87 /* Expression_65@2x.png */; };
		9A48CF511E9F7CFF002A4E87 /* Expression_66@2x.png in Resources */ = {isa = PBXBuildFile; fileRef = 9A48CEE51E9F7CFF002A4E87 /* Expression_66@2x.png */; };
		9A48CF521E9F7CFF002A4E87 /* Expression_67@2x.png in Resources */ = {isa = PBXBuildFile; fileRef = 9A48CEE61E9F7CFF002A4E87 /* Expression_67@2x.png */; };
		9A48CF531E9F7CFF002A4E87 /* Expression_68@2x.png in Resources */ = {isa = PBXBuildFile; fileRef = 9A48CEE71E9F7CFF002A4E87 /* Expression_68@2x.png */; };
		9A48CF541E9F7CFF002A4E87 /* Expression_69@2x.png in Resources */ = {isa = PBXBuildFile; fileRef = 9A48CEE81E9F7CFF002A4E87 /* Expression_69@2x.png */; };
		9A48CF551E9F7CFF002A4E87 /* Expression_6@2x.png in Resources */ = {isa = PBXBuildFile; fileRef = 9A48CEE91E9F7CFF002A4E87 /* Expression_6@2x.png */; };
		9A48CF561E9F7CFF002A4E87 /* Expression_70@2x.png in Resources */ = {isa = PBXBuildFile; fileRef = 9A48CEEA1E9F7CFF002A4E87 /* Expression_70@2x.png */; };
		9A48CF571E9F7CFF002A4E87 /* Expression_71@2x.png in Resources */ = {isa = PBXBuildFile; fileRef = 9A48CEEB1E9F7CFF002A4E87 /* Expression_71@2x.png */; };
		9A48CF581E9F7CFF002A4E87 /* Expression_72@2x.png in Resources */ = {isa = PBXBuildFile; fileRef = 9A48CEEC1E9F7CFF002A4E87 /* Expression_72@2x.png */; };
		9A48CF591E9F7CFF002A4E87 /* Expression_73@2x.png in Resources */ = {isa = PBXBuildFile; fileRef = 9A48CEED1E9F7CFF002A4E87 /* Expression_73@2x.png */; };
		9A48CF5A1E9F7CFF002A4E87 /* Expression_74@2x.png in Resources */ = {isa = PBXBuildFile; fileRef = 9A48CEEE1E9F7CFF002A4E87 /* Expression_74@2x.png */; };
		9A48CF5B1E9F7CFF002A4E87 /* Expression_75@2x.png in Resources */ = {isa = PBXBuildFile; fileRef = 9A48CEEF1E9F7CFF002A4E87 /* Expression_75@2x.png */; };
		9A48CF5C1E9F7CFF002A4E87 /* Expression_76@2x.png in Resources */ = {isa = PBXBuildFile; fileRef = 9A48CEF01E9F7CFF002A4E87 /* Expression_76@2x.png */; };
		9A48CF5D1E9F7CFF002A4E87 /* Expression_77@2x.png in Resources */ = {isa = PBXBuildFile; fileRef = 9A48CEF11E9F7CFF002A4E87 /* Expression_77@2x.png */; };
		9A48CF5E1E9F7CFF002A4E87 /* Expression_78@2x.png in Resources */ = {isa = PBXBuildFile; fileRef = 9A48CEF21E9F7CFF002A4E87 /* Expression_78@2x.png */; };
		9A48CF5F1E9F7CFF002A4E87 /* Expression_79@2x.png in Resources */ = {isa = PBXBuildFile; fileRef = 9A48CEF31E9F7CFF002A4E87 /* Expression_79@2x.png */; };
		9A48CF601E9F7CFF002A4E87 /* Expression_7@2x.png in Resources */ = {isa = PBXBuildFile; fileRef = 9A48CEF41E9F7CFF002A4E87 /* Expression_7@2x.png */; };
		9A48CF611E9F7CFF002A4E87 /* Expression_80@2x.png in Resources */ = {isa = PBXBuildFile; fileRef = 9A48CEF51E9F7CFF002A4E87 /* Expression_80@2x.png */; };
		9A48CF621E9F7CFF002A4E87 /* Expression_81@2x.png in Resources */ = {isa = PBXBuildFile; fileRef = 9A48CEF61E9F7CFF002A4E87 /* Expression_81@2x.png */; };
		9A48CF631E9F7CFF002A4E87 /* Expression_82@2x.png in Resources */ = {isa = PBXBuildFile; fileRef = 9A48CEF71E9F7CFF002A4E87 /* Expression_82@2x.png */; };
		9A48CF641E9F7CFF002A4E87 /* Expression_83@2x.png in Resources */ = {isa = PBXBuildFile; fileRef = 9A48CEF81E9F7CFF002A4E87 /* Expression_83@2x.png */; };
		9A48CF651E9F7CFF002A4E87 /* Expression_84@2x.png in Resources */ = {isa = PBXBuildFile; fileRef = 9A48CEF91E9F7CFF002A4E87 /* Expression_84@2x.png */; };
		9A48CF661E9F7CFF002A4E87 /* Expression_85@2x.png in Resources */ = {isa = PBXBuildFile; fileRef = 9A48CEFA1E9F7CFF002A4E87 /* Expression_85@2x.png */; };
		9A48CF671E9F7CFF002A4E87 /* Expression_86@2x.png in Resources */ = {isa = PBXBuildFile; fileRef = 9A48CEFB1E9F7CFF002A4E87 /* Expression_86@2x.png */; };
		9A48CF681E9F7CFF002A4E87 /* Expression_87@2x.png in Resources */ = {isa = PBXBuildFile; fileRef = 9A48CEFC1E9F7CFF002A4E87 /* Expression_87@2x.png */; };
		9A48CF691E9F7CFF002A4E87 /* Expression_88@2x.png in Resources */ = {isa = PBXBuildFile; fileRef = 9A48CEFD1E9F7CFF002A4E87 /* Expression_88@2x.png */; };
		9A48CF6A1E9F7CFF002A4E87 /* Expression_89@2x.png in Resources */ = {isa = PBXBuildFile; fileRef = 9A48CEFE1E9F7CFF002A4E87 /* Expression_89@2x.png */; };
		9A48CF6B1E9F7CFF002A4E87 /* Expression_8@2x.png in Resources */ = {isa = PBXBuildFile; fileRef = 9A48CEFF1E9F7CFF002A4E87 /* Expression_8@2x.png */; };
		9A48CF6C1E9F7CFF002A4E87 /* Expression_90@2x.png in Resources */ = {isa = PBXBuildFile; fileRef = 9A48CF001E9F7CFF002A4E87 /* Expression_90@2x.png */; };
		9A48CF6D1E9F7CFF002A4E87 /* Expression_91@2x.png in Resources */ = {isa = PBXBuildFile; fileRef = 9A48CF011E9F7CFF002A4E87 /* Expression_91@2x.png */; };
		9A48CF6E1E9F7CFF002A4E87 /* Expression_92@2x.png in Resources */ = {isa = PBXBuildFile; fileRef = 9A48CF021E9F7CFF002A4E87 /* Expression_92@2x.png */; };
		9A48CF6F1E9F7CFF002A4E87 /* Expression_93@2x.png in Resources */ = {isa = PBXBuildFile; fileRef = 9A48CF031E9F7CFF002A4E87 /* Expression_93@2x.png */; };
		9A48CF701E9F7CFF002A4E87 /* Expression_94@2x.png in Resources */ = {isa = PBXBuildFile; fileRef = 9A48CF041E9F7CFF002A4E87 /* Expression_94@2x.png */; };
		9A48CF711E9F7CFF002A4E87 /* Expression_95@2x.png in Resources */ = {isa = PBXBuildFile; fileRef = 9A48CF051E9F7CFF002A4E87 /* Expression_95@2x.png */; };
		9A48CF721E9F7CFF002A4E87 /* Expression_96@2x.png in Resources */ = {isa = PBXBuildFile; fileRef = 9A48CF061E9F7CFF002A4E87 /* Expression_96@2x.png */; };
		9A48CF731E9F7CFF002A4E87 /* Expression_97@2x.png in Resources */ = {isa = PBXBuildFile; fileRef = 9A48CF071E9F7CFF002A4E87 /* Expression_97@2x.png */; };
		9A48CF741E9F7CFF002A4E87 /* Expression_98@2x.png in Resources */ = {isa = PBXBuildFile; fileRef = 9A48CF081E9F7CFF002A4E87 /* Expression_98@2x.png */; };
		9A48CF751E9F7CFF002A4E87 /* Expression_99@2x.png in Resources */ = {isa = PBXBuildFile; fileRef = 9A48CF091E9F7CFF002A4E87 /* Expression_99@2x.png */; };
		9A48CF761E9F7CFF002A4E87 /* Expression_9@2x.png in Resources */ = {isa = PBXBuildFile; fileRef = 9A48CF0A1E9F7CFF002A4E87 /* Expression_9@2x.png */; };
		9A48CF791E9F7EB1002A4E87 /* IMEmotionEntity.m in Sources */ = {isa = PBXBuildFile; fileRef = 9A48CF781E9F7EB1002A4E87 /* IMEmotionEntity.m */; };
		9A48CF7C1E9F832E002A4E87 /* img_defaulthead_nor@2x.png in Resources */ = {isa = PBXBuildFile; fileRef = 9A48CF7A1E9F832E002A4E87 /* img_defaulthead_nor@2x.png */; };
		9A48CF7D1E9F832F002A4E87 /* img_defaulthead_nor@3x.png in Resources */ = {isa = PBXBuildFile; fileRef = 9A48CF7B1E9F832E002A4E87 /* img_defaulthead_nor@3x.png */; };
		9A48CF7F1E9F836D002A4E87 /* Emoji.plist in Resources */ = {isa = PBXBuildFile; fileRef = 9A48CF7E1E9F836D002A4E87 /* Emoji.plist */; };
		9A702BA81D65A1FA00B40D65 /* img_defaulthead_nor.png in Resources */ = {isa = PBXBuildFile; fileRef = 9A702BA51D65A1FA00B40D65 /* img_defaulthead_nor.png */; };
		9A702BA91D65A1FA00B40D65 /* img_defaulthead_nor@2x.png in Resources */ = {isa = PBXBuildFile; fileRef = 9A702BA61D65A1FA00B40D65 /* img_defaulthead_nor@2x.png */; };
		9A702BAA1D65A1FA00B40D65 /* img_defaulthead_nor@3x.png in Resources */ = {isa = PBXBuildFile; fileRef = 9A702BA71D65A1FA00B40D65 /* img_defaulthead_nor@3x.png */; };
		9A8DF1141E00E7E600CE9F21 /* CollectionViewFlowLayout.m in Sources */ = {isa = PBXBuildFile; fileRef = 9A8DF0871E00E7E600CE9F21 /* CollectionViewFlowLayout.m */; };
		9A8DF1151E00E7E600CE9F21 /* EmojiButtonView.m in Sources */ = {isa = PBXBuildFile; fileRef = 9A8DF0891E00E7E600CE9F21 /* EmojiButtonView.m */; };
		9A8DF1161E00E7E600CE9F21 /* EmojiCollectionViewCell.m in Sources */ = {isa = PBXBuildFile; fileRef = 9A8DF08B1E00E7E600CE9F21 /* EmojiCollectionViewCell.m */; };
		9A8DF1171E00E7E600CE9F21 /* EmotionImages.m in Sources */ = {isa = PBXBuildFile; fileRef = 9A8DF08D1E00E7E600CE9F21 /* EmotionImages.m */; };
		9A8DF1181E00E7E600CE9F21 /* InputToolbar.m in Sources */ = {isa = PBXBuildFile; fileRef = 9A8DF08F1E00E7E600CE9F21 /* InputToolbar.m */; };
		9A8DF11A1E00E7E600CE9F21 /* MoreButtonView.m in Sources */ = {isa = PBXBuildFile; fileRef = 9A8DF0931E00E7E600CE9F21 /* MoreButtonView.m */; };
		9A8DF11B1E00E7E600CE9F21 /* UITextView+Category.m in Sources */ = {isa = PBXBuildFile; fileRef = 9A8DF0951E00E7E600CE9F21 /* UITextView+Category.m */; };
		9A8DF11C1E00E7E600CE9F21 /* UIView+Extension.m in Sources */ = {isa = PBXBuildFile; fileRef = 9A8DF0971E00E7E600CE9F21 /* UIView+Extension.m */; };
		9A8DF11D1E00E7E600CE9F21 /* VoiceButtonView.m in Sources */ = {isa = PBXBuildFile; fileRef = 9A8DF0991E00E7E600CE9F21 /* VoiceButtonView.m */; };
		9A8DF17A1E00E7E600CE9F21 /* img_defaulthead_nor.png in Resources */ = {isa = PBXBuildFile; fileRef = 9A8DF0F81E00E7E600CE9F21 /* img_defaulthead_nor.png */; };
		9A8DF17D1E00E7E600CE9F21 /* liaotian_ic_biaoqing_nor.png in Resources */ = {isa = PBXBuildFile; fileRef = 9A8DF0FB1E00E7E600CE9F21 /* liaotian_ic_biaoqing_nor.png */; };
		9A8DF17E1E00E7E600CE9F21 /* liaotian_ic_biaoqing_nor@2x.png in Resources */ = {isa = PBXBuildFile; fileRef = 9A8DF0FC1E00E7E600CE9F21 /* liaotian_ic_biaoqing_nor@2x.png */; };
		9A8DF17F1E00E7E600CE9F21 /* liaotian_ic_biaoqing_nor@3x.png in Resources */ = {isa = PBXBuildFile; fileRef = 9A8DF0FD1E00E7E600CE9F21 /* liaotian_ic_biaoqing_nor@3x.png */; };
		9A8DF1801E00E7E600CE9F21 /* liaotian_ic_biaoqing_press.png in Resources */ = {isa = PBXBuildFile; fileRef = 9A8DF0FE1E00E7E600CE9F21 /* liaotian_ic_biaoqing_press.png */; };
		9A8DF1811E00E7E600CE9F21 /* liaotian_ic_biaoqing_press@2x.png in Resources */ = {isa = PBXBuildFile; fileRef = 9A8DF0FF1E00E7E600CE9F21 /* liaotian_ic_biaoqing_press@2x.png */; };
		9A8DF1821E00E7E600CE9F21 /* liaotian_ic_biaoqing_press@3x.png in Resources */ = {isa = PBXBuildFile; fileRef = 9A8DF1001E00E7E600CE9F21 /* liaotian_ic_biaoqing_press@3x.png */; };
		9A8DF1831E00E7E600CE9F21 /* liaotian_ic_gengduo_nor.png in Resources */ = {isa = PBXBuildFile; fileRef = 9A8DF1011E00E7E600CE9F21 /* liaotian_ic_gengduo_nor.png */; };
		9A8DF1841E00E7E600CE9F21 /* liaotian_ic_gengduo_nor@2x.png in Resources */ = {isa = PBXBuildFile; fileRef = 9A8DF1021E00E7E600CE9F21 /* liaotian_ic_gengduo_nor@2x.png */; };
		9A8DF1851E00E7E600CE9F21 /* liaotian_ic_gengduo_nor@3x.png in Resources */ = {isa = PBXBuildFile; fileRef = 9A8DF1031E00E7E600CE9F21 /* liaotian_ic_gengduo_nor@3x.png */; };
		9A8DF1861E00E7E600CE9F21 /* liaotian_ic_gengduo_press.png in Resources */ = {isa = PBXBuildFile; fileRef = 9A8DF1041E00E7E600CE9F21 /* liaotian_ic_gengduo_press.png */; };
		9A8DF1871E00E7E600CE9F21 /* liaotian_ic_gengduo_press@2x.png in Resources */ = {isa = PBXBuildFile; fileRef = 9A8DF1051E00E7E600CE9F21 /* liaotian_ic_gengduo_press@2x.png */; };
		9A8DF1881E00E7E600CE9F21 /* liaotian_ic_gengduo_press@3x.png in Resources */ = {isa = PBXBuildFile; fileRef = 9A8DF1061E00E7E600CE9F21 /* liaotian_ic_gengduo_press@3x.png */; };
		9A8DF1891E00E7E600CE9F21 /* liaotian_ic_jianpan_nor.png in Resources */ = {isa = PBXBuildFile; fileRef = 9A8DF1071E00E7E600CE9F21 /* liaotian_ic_jianpan_nor.png */; };
		9A8DF18A1E00E7E600CE9F21 /* liaotian_ic_jianpan_nor@2x.png in Resources */ = {isa = PBXBuildFile; fileRef = 9A8DF1081E00E7E600CE9F21 /* liaotian_ic_jianpan_nor@2x.png */; };
		9A8DF18B1E00E7E600CE9F21 /* liaotian_ic_jianpan_nor@3x.png in Resources */ = {isa = PBXBuildFile; fileRef = 9A8DF1091E00E7E600CE9F21 /* liaotian_ic_jianpan_nor@3x.png */; };
		9A8DF18C1E00E7E600CE9F21 /* liaotian_ic_jianpan_press.png in Resources */ = {isa = PBXBuildFile; fileRef = 9A8DF10A1E00E7E600CE9F21 /* liaotian_ic_jianpan_press.png */; };
		9A8DF18D1E00E7E600CE9F21 /* liaotian_ic_jianpan_press@2x.png in Resources */ = {isa = PBXBuildFile; fileRef = 9A8DF10B1E00E7E600CE9F21 /* liaotian_ic_jianpan_press@2x.png */; };
		9A8DF18E1E00E7E600CE9F21 /* liaotian_ic_jianpan_press@3x.png in Resources */ = {isa = PBXBuildFile; fileRef = 9A8DF10C1E00E7E600CE9F21 /* liaotian_ic_jianpan_press@3x.png */; };
		9A8DF18F1E00E7E600CE9F21 /* liaotian_ic_press.png in Resources */ = {isa = PBXBuildFile; fileRef = 9A8DF10D1E00E7E600CE9F21 /* liaotian_ic_press.png */; };
		9A8DF1901E00E7E600CE9F21 /* liaotian_ic_press@2x.png in Resources */ = {isa = PBXBuildFile; fileRef = 9A8DF10E1E00E7E600CE9F21 /* liaotian_ic_press@2x.png */; };
		9A8DF1911E00E7E600CE9F21 /* liaotian_ic_press@3x.png in Resources */ = {isa = PBXBuildFile; fileRef = 9A8DF10F1E00E7E600CE9F21 /* liaotian_ic_press@3x.png */; };
		9A8DF1921E00E7E600CE9F21 /* liaotian_ic_yuyin_nor.png in Resources */ = {isa = PBXBuildFile; fileRef = 9A8DF1101E00E7E600CE9F21 /* liaotian_ic_yuyin_nor.png */; };
		9A8DF1931E00E7E600CE9F21 /* liaotian_ic_yuyin_nor@2x.png in Resources */ = {isa = PBXBuildFile; fileRef = 9A8DF1111E00E7E600CE9F21 /* liaotian_ic_yuyin_nor@2x.png */; };
		9A8DF1941E00E7E600CE9F21 /* liaotian_ic_yuyin_nor@3x.png in Resources */ = {isa = PBXBuildFile; fileRef = 9A8DF1121E00E7E600CE9F21 /* liaotian_ic_yuyin_nor@3x.png */; };
		9A8DF1951E00E7E600CE9F21 /* mianView.png in Resources */ = {isa = PBXBuildFile; fileRef = 9A8DF1131E00E7E600CE9F21 /* mianView.png */; };
/* End PBXBuildFile section */

/* Begin PBXFileReference section */
		9A171F261D64796700D48B84 /* KeyBoard.app */ = {isa = PBXFileReference; explicitFileType = wrapper.application; includeInIndex = 0; path = KeyBoard.app; sourceTree = BUILT_PRODUCTS_DIR; };
		9A171F2A1D64796700D48B84 /* main.m */ = {isa = PBXFileReference; lastKnownFileType = sourcecode.c.objc; path = main.m; sourceTree = "<group>"; };
		9A171F2C1D64796700D48B84 /* AppDelegate.h */ = {isa = PBXFileReference; lastKnownFileType = sourcecode.c.h; path = AppDelegate.h; sourceTree = "<group>"; };
		9A171F2D1D64796700D48B84 /* AppDelegate.m */ = {isa = PBXFileReference; lastKnownFileType = sourcecode.c.objc; path = AppDelegate.m; sourceTree = "<group>"; };
		9A171F2F1D64796700D48B84 /* ViewController.h */ = {isa = PBXFileReference; lastKnownFileType = sourcecode.c.h; path = ViewController.h; sourceTree = "<group>"; };
		9A171F301D64796700D48B84 /* ViewController.m */ = {isa = PBXFileReference; lastKnownFileType = sourcecode.c.objc; path = ViewController.m; sourceTree = "<group>"; };
		9A171F331D64796800D48B84 /* Base */ = {isa = PBXFileReference; lastKnownFileType = file.storyboard; name = Base; path = Base.lproj/Main.storyboard; sourceTree = "<group>"; };
		9A171F351D64796800D48B84 /* Assets.xcassets */ = {isa = PBXFileReference; lastKnownFileType = folder.assetcatalog; path = Assets.xcassets; sourceTree = "<group>"; };
		9A171F381D64796800D48B84 /* Base */ = {isa = PBXFileReference; lastKnownFileType = file.storyboard; name = Base; path = Base.lproj/LaunchScreen.storyboard; sourceTree = "<group>"; };
		9A171F3A1D64796800D48B84 /* Info.plist */ = {isa = PBXFileReference; lastKnownFileType = text.plist.xml; path = Info.plist; sourceTree = "<group>"; };
		9A3FCB8A1D6548BF0058D4A4 /* PushViewController.h */ = {isa = PBXFileReference; fileEncoding = 4; lastKnownFileType = sourcecode.c.h; path = PushViewController.h; sourceTree = "<group>"; };
		9A3FCB8B1D6548BF0058D4A4 /* PushViewController.m */ = {isa = PBXFileReference; fileEncoding = 4; lastKnownFileType = sourcecode.c.objc; path = PushViewController.m; sourceTree = "<group>"; };
		9A48CE9F1E9F7CFF002A4E87 /* DeleteEmoticonBtn@2x.png */ = {isa = PBXFileReference; lastKnownFileType = image.png; path = "DeleteEmoticonBtn@2x.png"; sourceTree = "<group>"; };
		9A48CEA01E9F7CFF002A4E87 /* DeleteEmoticonBtnHL@2x.png */ = {isa = PBXFileReference; lastKnownFileType = image.png; path = "DeleteEmoticonBtnHL@2x.png"; sourceTree = "<group>"; };
		9A48CEA11E9F7CFF002A4E87 /* emotion_icons.plist */ = {isa = PBXFileReference; fileEncoding = 4; lastKnownFileType = text.plist.xml; path = emotion_icons.plist; sourceTree = "<group>"; };
		9A48CEA21E9F7CFF002A4E87 /* Expression_100@2x.png */ = {isa = PBXFileReference; lastKnownFileType = image.png; path = "Expression_100@2x.png"; sourceTree = "<group>"; };
		9A48CEA31E9F7CFF002A4E87 /* Expression_101@2x.png */ = {isa = PBXFileReference; lastKnownFileType = image.png; path = "Expression_101@2x.png"; sourceTree = "<group>"; };
		9A48CEA41E9F7CFF002A4E87 /* Expression_102@2x.png */ = {isa = PBXFileReference; lastKnownFileType = image.png; path = "Expression_102@2x.png"; sourceTree = "<group>"; };
		9A48CEA51E9F7CFF002A4E87 /* Expression_103@2x.png */ = {isa = PBXFileReference; lastKnownFileType = image.png; path = "Expression_103@2x.png"; sourceTree = "<group>"; };
		9A48CEA61E9F7CFF002A4E87 /* Expression_104@2x.png */ = {isa = PBXFileReference; lastKnownFileType = image.png; path = "Expression_104@2x.png"; sourceTree = "<group>"; };
		9A48CEA71E9F7CFF002A4E87 /* Expression_105@2x.png */ = {isa = PBXFileReference; lastKnownFileType = image.png; path = "Expression_105@2x.png"; sourceTree = "<group>"; };
		9A48CEA81E9F7CFF002A4E87 /* Expression_10@2x.png */ = {isa = PBXFileReference; lastKnownFileType = image.png; path = "Expression_10@2x.png"; sourceTree = "<group>"; };
		9A48CEA91E9F7CFF002A4E87 /* Expression_11@2x.png */ = {isa = PBXFileReference; lastKnownFileType = image.png; path = "Expression_11@2x.png"; sourceTree = "<group>"; };
		9A48CEAA1E9F7CFF002A4E87 /* Expression_12@2x.png */ = {isa = PBXFileReference; lastKnownFileType = image.png; path = "Expression_12@2x.png"; sourceTree = "<group>"; };
		9A48CEAB1E9F7CFF002A4E87 /* Expression_13@2x.png */ = {isa = PBXFileReference; lastKnownFileType = image.png; path = "Expression_13@2x.png"; sourceTree = "<group>"; };
		9A48CEAC1E9F7CFF002A4E87 /* Expression_14@2x.png */ = {isa = PBXFileReference; lastKnownFileType = image.png; path = "Expression_14@2x.png"; sourceTree = "<group>"; };
		9A48CEAD1E9F7CFF002A4E87 /* Expression_15@2x.png */ = {isa = PBXFileReference; lastKnownFileType = image.png; path = "Expression_15@2x.png"; sourceTree = "<group>"; };
		9A48CEAE1E9F7CFF002A4E87 /* Expression_16@2x.png */ = {isa = PBXFileReference; lastKnownFileType = image.png; path = "Expression_16@2x.png"; sourceTree = "<group>"; };
		9A48CEAF1E9F7CFF002A4E87 /* Expression_17@2x.png */ = {isa = PBXFileReference; lastKnownFileType = image.png; path = "Expression_17@2x.png"; sourceTree = "<group>"; };
		9A48CEB01E9F7CFF002A4E87 /* Expression_18@2x.png */ = {isa = PBXFileReference; lastKnownFileType = image.png; path = "Expression_18@2x.png"; sourceTree = "<group>"; };
		9A48CEB11E9F7CFF002A4E87 /* Expression_19@2x.png */ = {isa = PBXFileReference; lastKnownFileType = image.png; path = "Expression_19@2x.png"; sourceTree = "<group>"; };
		9A48CEB21E9F7CFF002A4E87 /* Expression_1@2x.png */ = {isa = PBXFileReference; lastKnownFileType = image.png; path = "Expression_1@2x.png"; sourceTree = "<group>"; };
		9A48CEB31E9F7CFF002A4E87 /* Expression_20@2x.png */ = {isa = PBXFileReference; lastKnownFileType = image.png; path = "Expression_20@2x.png"; sourceTree = "<group>"; };
		9A48CEB41E9F7CFF002A4E87 /* Expression_21@2x.png */ = {isa = PBXFileReference; lastKnownFileType = image.png; path = "Expression_21@2x.png"; sourceTree = "<group>"; };
		9A48CEB51E9F7CFF002A4E87 /* Expression_22@2x.png */ = {isa = PBXFileReference; lastKnownFileType = image.png; path = "Expression_22@2x.png"; sourceTree = "<group>"; };
		9A48CEB61E9F7CFF002A4E87 /* Expression_23@2x.png */ = {isa = PBXFileReference; lastKnownFileType = image.png; path = "Expression_23@2x.png"; sourceTree = "<group>"; };
		9A48CEB71E9F7CFF002A4E87 /* Expression_24@2x.png */ = {isa = PBXFileReference; lastKnownFileType = image.png; path = "Expression_24@2x.png"; sourceTree = "<group>"; };
		9A48CEB81E9F7CFF002A4E87 /* Expression_25@2x.png */ = {isa = PBXFileReference; lastKnownFileType = image.png; path = "Expression_25@2x.png"; sourceTree = "<group>"; };
		9A48CEB91E9F7CFF002A4E87 /* Expression_26@2x.png */ = {isa = PBXFileReference; lastKnownFileType = image.png; path = "Expression_26@2x.png"; sourceTree = "<group>"; };
		9A48CEBA1E9F7CFF002A4E87 /* Expression_27@2x.png */ = {isa = PBXFileReference; lastKnownFileType = image.png; path = "Expression_27@2x.png"; sourceTree = "<group>"; };
		9A48CEBB1E9F7CFF002A4E87 /* Expression_28@2x.png */ = {isa = PBXFileReference; lastKnownFileType = image.png; path = "Expression_28@2x.png"; sourceTree = "<group>"; };
		9A48CEBC1E9F7CFF002A4E87 /* Expression_29@2x.png */ = {isa = PBXFileReference; lastKnownFileType = image.png; path = "Expression_29@2x.png"; sourceTree = "<group>"; };
		9A48CEBD1E9F7CFF002A4E87 /* Expression_2@2x.png */ = {isa = PBXFileReference; lastKnownFileType = image.png; path = "Expression_2@2x.png"; sourceTree = "<group>"; };
		9A48CEBE1E9F7CFF002A4E87 /* Expression_30@2x.png */ = {isa = PBXFileReference; lastKnownFileType = image.png; path = "Expression_30@2x.png"; sourceTree = "<group>"; };
		9A48CEBF1E9F7CFF002A4E87 /* Expression_31@2x.png */ = {isa = PBXFileReference; lastKnownFileType = image.png; path = "Expression_31@2x.png"; sourceTree = "<group>"; };
		9A48CEC01E9F7CFF002A4E87 /* Expression_32@2x.png */ = {isa = PBXFileReference; lastKnownFileType = image.png; path = "Expression_32@2x.png"; sourceTree = "<group>"; };
		9A48CEC11E9F7CFF002A4E87 /* Expression_33@2x.png */ = {isa = PBXFileReference; lastKnownFileType = image.png; path = "Expression_33@2x.png"; sourceTree = "<group>"; };
		9A48CEC21E9F7CFF002A4E87 /* Expression_34@2x.png */ = {isa = PBXFileReference; lastKnownFileType = image.png; path = "Expression_34@2x.png"; sourceTree = "<group>"; };
		9A48CEC31E9F7CFF002A4E87 /* Expression_35@2x.png */ = {isa = PBXFileReference; lastKnownFileType = image.png; path = "Expression_35@2x.png"; sourceTree = "<group>"; };
		9A48CEC41E9F7CFF002A4E87 /* Expression_36@2x.png */ = {isa = PBXFileReference; lastKnownFileType = image.png; path = "Expression_36@2x.png"; sourceTree = "<group>"; };
		9A48CEC51E9F7CFF002A4E87 /* Expression_37@2x.png */ = {isa = PBXFileReference; lastKnownFileType = image.png; path = "Expression_37@2x.png"; sourceTree = "<group>"; };
		9A48CEC61E9F7CFF002A4E87 /* Expression_38@2x.png */ = {isa = PBXFileReference; lastKnownFileType = image.png; path = "Expression_38@2x.png"; sourceTree = "<group>"; };
		9A48CEC71E9F7CFF002A4E87 /* Expression_39@2x.png */ = {isa = PBXFileReference; lastKnownFileType = image.png; path = "Expression_39@2x.png"; sourceTree = "<group>"; };
		9A48CEC81E9F7CFF002A4E87 /* Expression_3@2x.png */ = {isa = PBXFileReference; lastKnownFileType = image.png; path = "Expression_3@2x.png"; sourceTree = "<group>"; };
		9A48CEC91E9F7CFF002A4E87 /* Expression_40@2x.png */ = {isa = PBXFileReference; lastKnownFileType = image.png; path = "Expression_40@2x.png"; sourceTree = "<group>"; };
		9A48CECA1E9F7CFF002A4E87 /* Expression_41@2x.png */ = {isa = PBXFileReference; lastKnownFileType = image.png; path = "Expression_41@2x.png"; sourceTree = "<group>"; };
		9A48CECB1E9F7CFF002A4E87 /* Expression_42@2x.png */ = {isa = PBXFileReference; lastKnownFileType = image.png; path = "Expression_42@2x.png"; sourceTree = "<group>"; };
		9A48CECC1E9F7CFF002A4E87 /* Expression_43@2x.png */ = {isa = PBXFileReference; lastKnownFileType = image.png; path = "Expression_43@2x.png"; sourceTree = "<group>"; };
		9A48CECD1E9F7CFF002A4E87 /* Expression_44@2x.png */ = {isa = PBXFileReference; lastKnownFileType = image.png; path = "Expression_44@2x.png"; sourceTree = "<group>"; };
		9A48CECE1E9F7CFF002A4E87 /* Expression_45@2x.png */ = {isa = PBXFileReference; lastKnownFileType = image.png; path = "Expression_45@2x.png"; sourceTree = "<group>"; };
		9A48CECF1E9F7CFF002A4E87 /* Expression_46@2x.png */ = {isa = PBXFileReference; lastKnownFileType = image.png; path = "Expression_46@2x.png"; sourceTree = "<group>"; };
		9A48CED01E9F7CFF002A4E87 /* Expression_47@2x.png */ = {isa = PBXFileReference; lastKnownFileType = image.png; path = "Expression_47@2x.png"; sourceTree = "<group>"; };
		9A48CED11E9F7CFF002A4E87 /* Expression_48@2x.png */ = {isa = PBXFileReference; lastKnownFileType = image.png; path = "Expression_48@2x.png"; sourceTree = "<group>"; };
		9A48CED21E9F7CFF002A4E87 /* Expression_49@2x.png */ = {isa = PBXFileReference; lastKnownFileType = image.png; path = "Expression_49@2x.png"; sourceTree = "<group>"; };
		9A48CED31E9F7CFF002A4E87 /* Expression_4@2x.png */ = {isa = PBXFileReference; lastKnownFileType = image.png; path = "Expression_4@2x.png"; sourceTree = "<group>"; };
		9A48CED41E9F7CFF002A4E87 /* Expression_50@2x.png */ = {isa = PBXFileReference; lastKnownFileType = image.png; path = "Expression_50@2x.png"; sourceTree = "<group>"; };
		9A48CED51E9F7CFF002A4E87 /* Expression_51@2x.png */ = {isa = PBXFileReference; lastKnownFileType = image.png; path = "Expression_51@2x.png"; sourceTree = "<group>"; };
		9A48CED61E9F7CFF002A4E87 /* Expression_52@2x.png */ = {isa = PBXFileReference; lastKnownFileType = image.png; path = "Expression_52@2x.png"; sourceTree = "<group>"; };
		9A48CED71E9F7CFF002A4E87 /* Expression_53@2x.png */ = {isa = PBXFileReference; lastKnownFileType = image.png; path = "Expression_53@2x.png"; sourceTree = "<group>"; };
		9A48CED81E9F7CFF002A4E87 /* Expression_54@2x.png */ = {isa = PBXFileReference; lastKnownFileType = image.png; path = "Expression_54@2x.png"; sourceTree = "<group>"; };
		9A48CED91E9F7CFF002A4E87 /* Expression_55@2x.png */ = {isa = PBXFileReference; lastKnownFileType = image.png; path = "Expression_55@2x.png"; sourceTree = "<group>"; };
		9A48CEDA1E9F7CFF002A4E87 /* Expression_56@2x.png */ = {isa = PBXFileReference; lastKnownFileType = image.png; path = "Expression_56@2x.png"; sourceTree = "<group>"; };
		9A48CEDB1E9F7CFF002A4E87 /* Expression_57@2x.png */ = {isa = PBXFileReference; lastKnownFileType = image.png; path = "Expression_57@2x.png"; sourceTree = "<group>"; };
		9A48CEDC1E9F7CFF002A4E87 /* Expression_58@2x.png */ = {isa = PBXFileReference; lastKnownFileType = image.png; path = "Expression_58@2x.png"; sourceTree = "<group>"; };
		9A48CEDD1E9F7CFF002A4E87 /* Expression_59@2x.png */ = {isa = PBXFileReference; lastKnownFileType = image.png; path = "Expression_59@2x.png"; sourceTree = "<group>"; };
		9A48CEDE1E9F7CFF002A4E87 /* Expression_5@2x.png */ = {isa = PBXFileReference; lastKnownFileType = image.png; path = "Expression_5@2x.png"; sourceTree = "<group>"; };
		9A48CEDF1E9F7CFF002A4E87 /* Expression_60@2x.png */ = {isa = PBXFileReference; lastKnownFileType = image.png; path = "Expression_60@2x.png"; sourceTree = "<group>"; };
		9A48CEE01E9F7CFF002A4E87 /* Expression_61@2x.png */ = {isa = PBXFileReference; lastKnownFileType = image.png; path = "Expression_61@2x.png"; sourceTree = "<group>"; };
		9A48CEE11E9F7CFF002A4E87 /* Expression_62@2x.png */ = {isa = PBXFileReference; lastKnownFileType = image.png; path = "Expression_62@2x.png"; sourceTree = "<group>"; };
		9A48CEE21E9F7CFF002A4E87 /* Expression_63@2x.png */ = {isa = PBXFileReference; lastKnownFileType = image.png; path = "Expression_63@2x.png"; sourceTree = "<group>"; };
		9A48CEE31E9F7CFF002A4E87 /* Expression_64@2x.png */ = {isa = PBXFileReference; lastKnownFileType = image.png; path = "Expression_64@2x.png"; sourceTree = "<group>"; };
		9A48CEE41E9F7CFF002A4E87 /* Expression_65@2x.png */ = {isa = PBXFileReference; lastKnownFileType = image.png; path = "Expression_65@2x.png"; sourceTree = "<group>"; };
		9A48CEE51E9F7CFF002A4E87 /* Expression_66@2x.png */ = {isa = PBXFileReference; lastKnownFileType = image.png; path = "Expression_66@2x.png"; sourceTree = "<group>"; };
		9A48CEE61E9F7CFF002A4E87 /* Expression_67@2x.png */ = {isa = PBXFileReference; lastKnownFileType = image.png; path = "Expression_67@2x.png"; sourceTree = "<group>"; };
		9A48CEE71E9F7CFF002A4E87 /* Expression_68@2x.png */ = {isa = PBXFileReference; lastKnownFileType = image.png; path = "Expression_68@2x.png"; sourceTree = "<group>"; };
		9A48CEE81E9F7CFF002A4E87 /* Expression_69@2x.png */ = {isa = PBXFileReference; lastKnownFileType = image.png; path = "Expression_69@2x.png"; sourceTree = "<group>"; };
		9A48CEE91E9F7CFF002A4E87 /* Expression_6@2x.png */ = {isa = PBXFileReference; lastKnownFileType = image.png; path = "Expression_6@2x.png"; sourceTree = "<group>"; };
		9A48CEEA1E9F7CFF002A4E87 /* Expression_70@2x.png */ = {isa = PBXFileReference; lastKnownFileType = image.png; path = "Expression_70@2x.png"; sourceTree = "<group>"; };
		9A48CEEB1E9F7CFF002A4E87 /* Expression_71@2x.png */ = {isa = PBXFileReference; lastKnownFileType = image.png; path = "Expression_71@2x.png"; sourceTree = "<group>"; };
		9A48CEEC1E9F7CFF002A4E87 /* Expression_72@2x.png */ = {isa = PBXFileReference; lastKnownFileType = image.png; path = "Expression_72@2x.png"; sourceTree = "<group>"; };
		9A48CEED1E9F7CFF002A4E87 /* Expression_73@2x.png */ = {isa = PBXFileReference; lastKnownFileType = image.png; path = "Expression_73@2x.png"; sourceTree = "<group>"; };
		9A48CEEE1E9F7CFF002A4E87 /* Expression_74@2x.png */ = {isa = PBXFileReference; lastKnownFileType = image.png; path = "Expression_74@2x.png"; sourceTree = "<group>"; };
		9A48CEEF1E9F7CFF002A4E87 /* Expression_75@2x.png */ = {isa = PBXFileReference; lastKnownFileType = image.png; path = "Expression_75@2x.png"; sourceTree = "<group>"; };
		9A48CEF01E9F7CFF002A4E87 /* Expression_76@2x.png */ = {isa = PBXFileReference; lastKnownFileType = image.png; path = "Expression_76@2x.png"; sourceTree = "<group>"; };
		9A48CEF11E9F7CFF002A4E87 /* Expression_77@2x.png */ = {isa = PBXFileReference; lastKnownFileType = image.png; path = "Expression_77@2x.png"; sourceTree = "<group>"; };
		9A48CEF21E9F7CFF002A4E87 /* Expression_78@2x.png */ = {isa = PBXFileReference; lastKnownFileType = image.png; path = "Expression_78@2x.png"; sourceTree = "<group>"; };
		9A48CEF31E9F7CFF002A4E87 /* Expression_79@2x.png */ = {isa = PBXFileReference; lastKnownFileType = image.png; path = "Expression_79@2x.png"; sourceTree = "<group>"; };
		9A48CEF41E9F7CFF002A4E87 /* Expression_7@2x.png */ = {isa = PBXFileReference; lastKnownFileType = image.png; path = "Expression_7@2x.png"; sourceTree = "<group>"; };
		9A48CEF51E9F7CFF002A4E87 /* Expression_80@2x.png */ = {isa = PBXFileReference; lastKnownFileType = image.png; path = "Expression_80@2x.png"; sourceTree = "<group>"; };
		9A48CEF61E9F7CFF002A4E87 /* Expression_81@2x.png */ = {isa = PBXFileReference; lastKnownFileType = image.png; path = "Expression_81@2x.png"; sourceTree = "<group>"; };
		9A48CEF71E9F7CFF002A4E87 /* Expression_82@2x.png */ = {isa = PBXFileReference; lastKnownFileType = image.png; path = "Expression_82@2x.png"; sourceTree = "<group>"; };
		9A48CEF81E9F7CFF002A4E87 /* Expression_83@2x.png */ = {isa = PBXFileReference; lastKnownFileType = image.png; path = "Expression_83@2x.png"; sourceTree = "<group>"; };
		9A48CEF91E9F7CFF002A4E87 /* Expression_84@2x.png */ = {isa = PBXFileReference; lastKnownFileType = image.png; path = "Expression_84@2x.png"; sourceTree = "<group>"; };
		9A48CEFA1E9F7CFF002A4E87 /* Expression_85@2x.png */ = {isa = PBXFileReference; lastKnownFileType = image.png; path = "Expression_85@2x.png"; sourceTree = "<group>"; };
		9A48CEFB1E9F7CFF002A4E87 /* Expression_86@2x.png */ = {isa = PBXFileReference; lastKnownFileType = image.png; path = "Expression_86@2x.png"; sourceTree = "<group>"; };
		9A48CEFC1E9F7CFF002A4E87 /* Expression_87@2x.png */ = {isa = PBXFileReference; lastKnownFileType = image.png; path = "Expression_87@2x.png"; sourceTree = "<group>"; };
		9A48CEFD1E9F7CFF002A4E87 /* Expression_88@2x.png */ = {isa = PBXFileReference; lastKnownFileType = image.png; path = "Expression_88@2x.png"; sourceTree = "<group>"; };
		9A48CEFE1E9F7CFF002A4E87 /* Expression_89@2x.png */ = {isa = PBXFileReference; lastKnownFileType = image.png; path = "Expression_89@2x.png"; sourceTree = "<group>"; };
		9A48CEFF1E9F7CFF002A4E87 /* Expression_8@2x.png */ = {isa = PBXFileReference; lastKnownFileType = image.png; path = "Expression_8@2x.png"; sourceTree = "<group>"; };
		9A48CF001E9F7CFF002A4E87 /* Expression_90@2x.png */ = {isa = PBXFileReference; lastKnownFileType = image.png; path = "Expression_90@2x.png"; sourceTree = "<group>"; };
		9A48CF011E9F7CFF002A4E87 /* Expression_91@2x.png */ = {isa = PBXFileReference; lastKnownFileType = image.png; path = "Expression_91@2x.png"; sourceTree = "<group>"; };
		9A48CF021E9F7CFF002A4E87 /* Expression_92@2x.png */ = {isa = PBXFileReference; lastKnownFileType = image.png; path = "Expression_92@2x.png"; sourceTree = "<group>"; };
		9A48CF031E9F7CFF002A4E87 /* Expression_93@2x.png */ = {isa = PBXFileReference; lastKnownFileType = image.png; path = "Expression_93@2x.png"; sourceTree = "<group>"; };
		9A48CF041E9F7CFF002A4E87 /* Expression_94@2x.png */ = {isa = PBXFileReference; lastKnownFileType = image.png; path = "Expression_94@2x.png"; sourceTree = "<group>"; };
		9A48CF051E9F7CFF002A4E87 /* Expression_95@2x.png */ = {isa = PBXFileReference; lastKnownFileType = image.png; path = "Expression_95@2x.png"; sourceTree = "<group>"; };
		9A48CF061E9F7CFF002A4E87 /* Expression_96@2x.png */ = {isa = PBXFileReference; lastKnownFileType = image.png; path = "Expression_96@2x.png"; sourceTree = "<group>"; };
		9A48CF071E9F7CFF002A4E87 /* Expression_97@2x.png */ = {isa = PBXFileReference; lastKnownFileType = image.png; path = "Expression_97@2x.png"; sourceTree = "<group>"; };
		9A48CF081E9F7CFF002A4E87 /* Expression_98@2x.png */ = {isa = PBXFileReference; lastKnownFileType = image.png; path = "Expression_98@2x.png"; sourceTree = "<group>"; };
		9A48CF091E9F7CFF002A4E87 /* Expression_99@2x.png */ = {isa = PBXFileReference; lastKnownFileType = image.png; path = "Expression_99@2x.png"; sourceTree = "<group>"; };
		9A48CF0A1E9F7CFF002A4E87 /* Expression_9@2x.png */ = {isa = PBXFileReference; lastKnownFileType = image.png; path = "Expression_9@2x.png"; sourceTree = "<group>"; };
		9A48CF771E9F7EB1002A4E87 /* IMEmotionEntity.h */ = {isa = PBXFileReference; fileEncoding = 4; lastKnownFileType = sourcecode.c.h; path = IMEmotionEntity.h; sourceTree = "<group>"; };
		9A48CF781E9F7EB1002A4E87 /* IMEmotionEntity.m */ = {isa = PBXFileReference; fileEncoding = 4; lastKnownFileType = sourcecode.c.objc; path = IMEmotionEntity.m; sourceTree = "<group>"; };
		9A48CF7A1E9F832E002A4E87 /* img_defaulthead_nor@2x.png */ = {isa = PBXFileReference; lastKnownFileType = image.png; path = "img_defaulthead_nor@2x.png"; sourceTree = "<group>"; };
		9A48CF7B1E9F832E002A4E87 /* img_defaulthead_nor@3x.png */ = {isa = PBXFileReference; lastKnownFileType = image.png; path = "img_defaulthead_nor@3x.png"; sourceTree = "<group>"; };
		9A48CF7E1E9F836D002A4E87 /* Emoji.plist */ = {isa = PBXFileReference; fileEncoding = 4; lastKnownFileType = text.plist.xml; path = Emoji.plist; sourceTree = "<group>"; };
		9A702BA51D65A1FA00B40D65 /* img_defaulthead_nor.png */ = {isa = PBXFileReference; lastKnownFileType = image.png; name = img_defaulthead_nor.png; path = Assets.xcassets/img_defaulthead_nor.imageset/img_defaulthead_nor.png; sourceTree = "<group>"; };
		9A702BA61D65A1FA00B40D65 /* img_defaulthead_nor@2x.png */ = {isa = PBXFileReference; lastKnownFileType = image.png; name = "img_defaulthead_nor@2x.png"; path = "Assets.xcassets/img_defaulthead_nor.imageset/img_defaulthead_nor@2x.png"; sourceTree = "<group>"; };
		9A702BA71D65A1FA00B40D65 /* img_defaulthead_nor@3x.png */ = {isa = PBXFileReference; lastKnownFileType = image.png; name = "img_defaulthead_nor@3x.png"; path = "Assets.xcassets/img_defaulthead_nor.imageset/img_defaulthead_nor@3x.png"; sourceTree = "<group>"; };
		9A8DF0861E00E7E600CE9F21 /* CollectionViewFlowLayout.h */ = {isa = PBXFileReference; fileEncoding = 4; lastKnownFileType = sourcecode.c.h; path = CollectionViewFlowLayout.h; sourceTree = "<group>"; };
		9A8DF0871E00E7E600CE9F21 /* CollectionViewFlowLayout.m */ = {isa = PBXFileReference; fileEncoding = 4; lastKnownFileType = sourcecode.c.objc; path = CollectionViewFlowLayout.m; sourceTree = "<group>"; };
		9A8DF0881E00E7E600CE9F21 /* EmojiButtonView.h */ = {isa = PBXFileReference; fileEncoding = 4; lastKnownFileType = sourcecode.c.h; path = EmojiButtonView.h; sourceTree = "<group>"; };
		9A8DF0891E00E7E600CE9F21 /* EmojiButtonView.m */ = {isa = PBXFileReference; fileEncoding = 4; lastKnownFileType = sourcecode.c.objc; path = EmojiButtonView.m; sourceTree = "<group>"; };
		9A8DF08A1E00E7E600CE9F21 /* EmojiCollectionViewCell.h */ = {isa = PBXFileReference; fileEncoding = 4; lastKnownFileType = sourcecode.c.h; path = EmojiCollectionViewCell.h; sourceTree = "<group>"; };
		9A8DF08B1E00E7E600CE9F21 /* EmojiCollectionViewCell.m */ = {isa = PBXFileReference; fileEncoding = 4; lastKnownFileType = sourcecode.c.objc; path = EmojiCollectionViewCell.m; sourceTree = "<group>"; };
		9A8DF08C1E00E7E600CE9F21 /* EmotionImages.h */ = {isa = PBXFileReference; fileEncoding = 4; lastKnownFileType = sourcecode.c.h; path = EmotionImages.h; sourceTree = "<group>"; };
		9A8DF08D1E00E7E600CE9F21 /* EmotionImages.m */ = {isa = PBXFileReference; fileEncoding = 4; lastKnownFileType = sourcecode.c.objc; path = EmotionImages.m; sourceTree = "<group>"; };
		9A8DF08E1E00E7E600CE9F21 /* InputToolbar.h */ = {isa = PBXFileReference; fileEncoding = 4; lastKnownFileType = sourcecode.c.h; path = InputToolbar.h; sourceTree = "<group>"; };
		9A8DF08F1E00E7E600CE9F21 /* InputToolbar.m */ = {isa = PBXFileReference; fileEncoding = 4; lastKnownFileType = sourcecode.c.objc; path = InputToolbar.m; sourceTree = "<group>"; };
		9A8DF0921E00E7E600CE9F21 /* MoreButtonView.h */ = {isa = PBXFileReference; fileEncoding = 4; lastKnownFileType = sourcecode.c.h; path = MoreButtonView.h; sourceTree = "<group>"; };
		9A8DF0931E00E7E600CE9F21 /* MoreButtonView.m */ = {isa = PBXFileReference; fileEncoding = 4; lastKnownFileType = sourcecode.c.objc; path = MoreButtonView.m; sourceTree = "<group>"; };
		9A8DF0941E00E7E600CE9F21 /* UITextView+Category.h */ = {isa = PBXFileReference; fileEncoding = 4; lastKnownFileType = sourcecode.c.h; path = "UITextView+Category.h"; sourceTree = "<group>"; };
		9A8DF0951E00E7E600CE9F21 /* UITextView+Category.m */ = {isa = PBXFileReference; fileEncoding = 4; lastKnownFileType = sourcecode.c.objc; path = "UITextView+Category.m"; sourceTree = "<group>"; };
		9A8DF0961E00E7E600CE9F21 /* UIView+Extension.h */ = {isa = PBXFileReference; fileEncoding = 4; lastKnownFileType = sourcecode.c.h; path = "UIView+Extension.h"; sourceTree = "<group>"; };
		9A8DF0971E00E7E600CE9F21 /* UIView+Extension.m */ = {isa = PBXFileReference; fileEncoding = 4; lastKnownFileType = sourcecode.c.objc; path = "UIView+Extension.m"; sourceTree = "<group>"; };
		9A8DF0981E00E7E600CE9F21 /* VoiceButtonView.h */ = {isa = PBXFileReference; fileEncoding = 4; lastKnownFileType = sourcecode.c.h; path = VoiceButtonView.h; sourceTree = "<group>"; };
		9A8DF0991E00E7E600CE9F21 /* VoiceButtonView.m */ = {isa = PBXFileReference; fileEncoding = 4; lastKnownFileType = sourcecode.c.objc; path = VoiceButtonView.m; sourceTree = "<group>"; };
		9A8DF0F81E00E7E600CE9F21 /* img_defaulthead_nor.png */ = {isa = PBXFileReference; lastKnownFileType = image.png; path = img_defaulthead_nor.png; sourceTree = "<group>"; };
		9A8DF0FB1E00E7E600CE9F21 /* liaotian_ic_biaoqing_nor.png */ = {isa = PBXFileReference; lastKnownFileType = image.png; path = liaotian_ic_biaoqing_nor.png; sourceTree = "<group>"; };
		9A8DF0FC1E00E7E600CE9F21 /* liaotian_ic_biaoqing_nor@2x.png */ = {isa = PBXFileReference; lastKnownFileType = image.png; path = "liaotian_ic_biaoqing_nor@2x.png"; sourceTree = "<group>"; };
		9A8DF0FD1E00E7E600CE9F21 /* liaotian_ic_biaoqing_nor@3x.png */ = {isa = PBXFileReference; lastKnownFileType = image.png; path = "liaotian_ic_biaoqing_nor@3x.png"; sourceTree = "<group>"; };
		9A8DF0FE1E00E7E600CE9F21 /* liaotian_ic_biaoqing_press.png */ = {isa = PBXFileReference; lastKnownFileType = image.png; path = liaotian_ic_biaoqing_press.png; sourceTree = "<group>"; };
		9A8DF0FF1E00E7E600CE9F21 /* liaotian_ic_biaoqing_press@2x.png */ = {isa = PBXFileReference; lastKnownFileType = image.png; path = "liaotian_ic_biaoqing_press@2x.png"; sourceTree = "<group>"; };
		9A8DF1001E00E7E600CE9F21 /* liaotian_ic_biaoqing_press@3x.png */ = {isa = PBXFileReference; lastKnownFileType = image.png; path = "liaotian_ic_biaoqing_press@3x.png"; sourceTree = "<group>"; };
		9A8DF1011E00E7E600CE9F21 /* liaotian_ic_gengduo_nor.png */ = {isa = PBXFileReference; lastKnownFileType = image.png; path = liaotian_ic_gengduo_nor.png; sourceTree = "<group>"; };
		9A8DF1021E00E7E600CE9F21 /* liaotian_ic_gengduo_nor@2x.png */ = {isa = PBXFileReference; lastKnownFileType = image.png; path = "liaotian_ic_gengduo_nor@2x.png"; sourceTree = "<group>"; };
		9A8DF1031E00E7E600CE9F21 /* liaotian_ic_gengduo_nor@3x.png */ = {isa = PBXFileReference; lastKnownFileType = image.png; path = "liaotian_ic_gengduo_nor@3x.png"; sourceTree = "<group>"; };
		9A8DF1041E00E7E600CE9F21 /* liaotian_ic_gengduo_press.png */ = {isa = PBXFileReference; lastKnownFileType = image.png; path = liaotian_ic_gengduo_press.png; sourceTree = "<group>"; };
		9A8DF1051E00E7E600CE9F21 /* liaotian_ic_gengduo_press@2x.png */ = {isa = PBXFileReference; lastKnownFileType = image.png; path = "liaotian_ic_gengduo_press@2x.png"; sourceTree = "<group>"; };
		9A8DF1061E00E7E600CE9F21 /* liaotian_ic_gengduo_press@3x.png */ = {isa = PBXFileReference; lastKnownFileType = image.png; path = "liaotian_ic_gengduo_press@3x.png"; sourceTree = "<group>"; };
		9A8DF1071E00E7E600CE9F21 /* liaotian_ic_jianpan_nor.png */ = {isa = PBXFileReference; lastKnownFileType = image.png; path = liaotian_ic_jianpan_nor.png; sourceTree = "<group>"; };
		9A8DF1081E00E7E600CE9F21 /* liaotian_ic_jianpan_nor@2x.png */ = {isa = PBXFileReference; lastKnownFileType = image.png; path = "liaotian_ic_jianpan_nor@2x.png"; sourceTree = "<group>"; };
		9A8DF1091E00E7E600CE9F21 /* liaotian_ic_jianpan_nor@3x.png */ = {isa = PBXFileReference; lastKnownFileType = image.png; path = "liaotian_ic_jianpan_nor@3x.png"; sourceTree = "<group>"; };
		9A8DF10A1E00E7E600CE9F21 /* liaotian_ic_jianpan_press.png */ = {isa = PBXFileReference; lastKnownFileType = image.png; path = liaotian_ic_jianpan_press.png; sourceTree = "<group>"; };
		9A8DF10B1E00E7E600CE9F21 /* liaotian_ic_jianpan_press@2x.png */ = {isa = PBXFileReference; lastKnownFileType = image.png; path = "liaotian_ic_jianpan_press@2x.png"; sourceTree = "<group>"; };
		9A8DF10C1E00E7E600CE9F21 /* liaotian_ic_jianpan_press@3x.png */ = {isa = PBXFileReference; lastKnownFileType = image.png; path = "liaotian_ic_jianpan_press@3x.png"; sourceTree = "<group>"; };
		9A8DF10D1E00E7E600CE9F21 /* liaotian_ic_press.png */ = {isa = PBXFileReference; lastKnownFileType = image.png; path = liaotian_ic_press.png; sourceTree = "<group>"; };
		9A8DF10E1E00E7E600CE9F21 /* liaotian_ic_press@2x.png */ = {isa = PBXFileReference; lastKnownFileType = image.png; path = "liaotian_ic_press@2x.png"; sourceTree = "<group>"; };
		9A8DF10F1E00E7E600CE9F21 /* liaotian_ic_press@3x.png */ = {isa = PBXFileReference; lastKnownFileType = image.png; path = "liaotian_ic_press@3x.png"; sourceTree = "<group>"; };
		9A8DF1101E00E7E600CE9F21 /* liaotian_ic_yuyin_nor.png */ = {isa = PBXFileReference; lastKnownFileType = image.png; path = liaotian_ic_yuyin_nor.png; sourceTree = "<group>"; };
		9A8DF1111E00E7E600CE9F21 /* liaotian_ic_yuyin_nor@2x.png */ = {isa = PBXFileReference; lastKnownFileType = image.png; path = "liaotian_ic_yuyin_nor@2x.png"; sourceTree = "<group>"; };
		9A8DF1121E00E7E600CE9F21 /* liaotian_ic_yuyin_nor@3x.png */ = {isa = PBXFileReference; lastKnownFileType = image.png; path = "liaotian_ic_yuyin_nor@3x.png"; sourceTree = "<group>"; };
		9A8DF1131E00E7E600CE9F21 /* mianView.png */ = {isa = PBXFileReference; lastKnownFileType = image.png; path = mianView.png; sourceTree = "<group>"; };
/* End PBXFileReference section */

/* Begin PBXFrameworksBuildPhase section */
		9A171F231D64796700D48B84 /* Frameworks */ = {
			isa = PBXFrameworksBuildPhase;
			buildActionMask = 2147483647;
			files = (
			);
			runOnlyForDeploymentPostprocessing = 0;
		};
/* End PBXFrameworksBuildPhase section */

/* Begin PBXGroup section */
		9A171F1D1D64796700D48B84 = {
			isa = PBXGroup;
			children = (
				9A171F281D64796700D48B84 /* KeyBoard */,
				9A171F271D64796700D48B84 /* Products */,
			);
			sourceTree = "<group>";
		};
		9A171F271D64796700D48B84 /* Products */ = {
			isa = PBXGroup;
			children = (
				9A171F261D64796700D48B84 /* KeyBoard.app */,
			);
			name = Products;
			sourceTree = "<group>";
		};
		9A171F281D64796700D48B84 /* KeyBoard */ = {
			isa = PBXGroup;
			children = (
				9A8DF0841E00E7E600CE9F21 /* KeyBoard */,
				9A171F2C1D64796700D48B84 /* AppDelegate.h */,
				9A171F2D1D64796700D48B84 /* AppDelegate.m */,
				9A171F2F1D64796700D48B84 /* ViewController.h */,
				9A171F301D64796700D48B84 /* ViewController.m */,
				9A3FCB8A1D6548BF0058D4A4 /* PushViewController.h */,
				9A3FCB8B1D6548BF0058D4A4 /* PushViewController.m */,
				9A171F321D64796800D48B84 /* Main.storyboard */,
				9A171F351D64796800D48B84 /* Assets.xcassets */,
				9A171F371D64796800D48B84 /* LaunchScreen.storyboard */,
				9A171F3A1D64796800D48B84 /* Info.plist */,
				9A171F291D64796700D48B84 /* Supporting Files */,
			);
			path = KeyBoard;
			sourceTree = "<group>";
		};
		9A171F291D64796700D48B84 /* Supporting Files */ = {
			isa = PBXGroup;
			children = (
				9A702BA51D65A1FA00B40D65 /* img_defaulthead_nor.png */,
				9A702BA61D65A1FA00B40D65 /* img_defaulthead_nor@2x.png */,
				9A702BA71D65A1FA00B40D65 /* img_defaulthead_nor@3x.png */,
				9A171F2A1D64796700D48B84 /* main.m */,
			);
			name = "Supporting Files";
			sourceTree = "<group>";
		};
		9A48CE9E1E9F7CFF002A4E87 /* emotion */ = {
			isa = PBXGroup;
			children = (
				9A48CE9F1E9F7CFF002A4E87 /* DeleteEmoticonBtn@2x.png */,
				9A48CEA01E9F7CFF002A4E87 /* DeleteEmoticonBtnHL@2x.png */,
				9A48CEA11E9F7CFF002A4E87 /* emotion_icons.plist */,
				9A48CEA21E9F7CFF002A4E87 /* Expression_100@2x.png */,
				9A48CEA31E9F7CFF002A4E87 /* Expression_101@2x.png */,
				9A48CEA41E9F7CFF002A4E87 /* Expression_102@2x.png */,
				9A48CEA51E9F7CFF002A4E87 /* Expression_103@2x.png */,
				9A48CEA61E9F7CFF002A4E87 /* Expression_104@2x.png */,
				9A48CEA71E9F7CFF002A4E87 /* Expression_105@2x.png */,
				9A48CEA81E9F7CFF002A4E87 /* Expression_10@2x.png */,
				9A48CEA91E9F7CFF002A4E87 /* Expression_11@2x.png */,
				9A48CEAA1E9F7CFF002A4E87 /* Expression_12@2x.png */,
				9A48CEAB1E9F7CFF002A4E87 /* Expression_13@2x.png */,
				9A48CEAC1E9F7CFF002A4E87 /* Expression_14@2x.png */,
				9A48CEAD1E9F7CFF002A4E87 /* Expression_15@2x.png */,
				9A48CEAE1E9F7CFF002A4E87 /* Expression_16@2x.png */,
				9A48CEAF1E9F7CFF002A4E87 /* Expression_17@2x.png */,
				9A48CEB01E9F7CFF002A4E87 /* Expression_18@2x.png */,
				9A48CEB11E9F7CFF002A4E87 /* Expression_19@2x.png */,
				9A48CEB21E9F7CFF002A4E87 /* Expression_1@2x.png */,
				9A48CEB31E9F7CFF002A4E87 /* Expression_20@2x.png */,
				9A48CEB41E9F7CFF002A4E87 /* Expression_21@2x.png */,
				9A48CEB51E9F7CFF002A4E87 /* Expression_22@2x.png */,
				9A48CEB61E9F7CFF002A4E87 /* Expression_23@2x.png */,
				9A48CEB71E9F7CFF002A4E87 /* Expression_24@2x.png */,
				9A48CEB81E9F7CFF002A4E87 /* Expression_25@2x.png */,
				9A48CEB91E9F7CFF002A4E87 /* Expression_26@2x.png */,
				9A48CEBA1E9F7CFF002A4E87 /* Expression_27@2x.png */,
				9A48CEBB1E9F7CFF002A4E87 /* Expression_28@2x.png */,
				9A48CEBC1E9F7CFF002A4E87 /* Expression_29@2x.png */,
				9A48CEBD1E9F7CFF002A4E87 /* Expression_2@2x.png */,
				9A48CEBE1E9F7CFF002A4E87 /* Expression_30@2x.png */,
				9A48CEBF1E9F7CFF002A4E87 /* Expression_31@2x.png */,
				9A48CEC01E9F7CFF002A4E87 /* Expression_32@2x.png */,
				9A48CEC11E9F7CFF002A4E87 /* Expression_33@2x.png */,
				9A48CEC21E9F7CFF002A4E87 /* Expression_34@2x.png */,
				9A48CEC31E9F7CFF002A4E87 /* Expression_35@2x.png */,
				9A48CEC41E9F7CFF002A4E87 /* Expression_36@2x.png */,
				9A48CEC51E9F7CFF002A4E87 /* Expression_37@2x.png */,
				9A48CEC61E9F7CFF002A4E87 /* Expression_38@2x.png */,
				9A48CEC71E9F7CFF002A4E87 /* Expression_39@2x.png */,
				9A48CEC81E9F7CFF002A4E87 /* Expression_3@2x.png */,
				9A48CEC91E9F7CFF002A4E87 /* Expression_40@2x.png */,
				9A48CECA1E9F7CFF002A4E87 /* Expression_41@2x.png */,
				9A48CECB1E9F7CFF002A4E87 /* Expression_42@2x.png */,
				9A48CECC1E9F7CFF002A4E87 /* Expression_43@2x.png */,
				9A48CECD1E9F7CFF002A4E87 /* Expression_44@2x.png */,
				9A48CECE1E9F7CFF002A4E87 /* Expression_45@2x.png */,
				9A48CECF1E9F7CFF002A4E87 /* Expression_46@2x.png */,
				9A48CED01E9F7CFF002A4E87 /* Expression_47@2x.png */,
				9A48CED11E9F7CFF002A4E87 /* Expression_48@2x.png */,
				9A48CED21E9F7CFF002A4E87 /* Expression_49@2x.png */,
				9A48CED31E9F7CFF002A4E87 /* Expression_4@2x.png */,
				9A48CED41E9F7CFF002A4E87 /* Expression_50@2x.png */,
				9A48CED51E9F7CFF002A4E87 /* Expression_51@2x.png */,
				9A48CED61E9F7CFF002A4E87 /* Expression_52@2x.png */,
				9A48CED71E9F7CFF002A4E87 /* Expression_53@2x.png */,
				9A48CED81E9F7CFF002A4E87 /* Expression_54@2x.png */,
				9A48CED91E9F7CFF002A4E87 /* Expression_55@2x.png */,
				9A48CEDA1E9F7CFF002A4E87 /* Expression_56@2x.png */,
				9A48CEDB1E9F7CFF002A4E87 /* Expression_57@2x.png */,
				9A48CEDC1E9F7CFF002A4E87 /* Expression_58@2x.png */,
				9A48CEDD1E9F7CFF002A4E87 /* Expression_59@2x.png */,
				9A48CEDE1E9F7CFF002A4E87 /* Expression_5@2x.png */,
				9A48CEDF1E9F7CFF002A4E87 /* Expression_60@2x.png */,
				9A48CEE01E9F7CFF002A4E87 /* Expression_61@2x.png */,
				9A48CEE11E9F7CFF002A4E87 /* Expression_62@2x.png */,
				9A48CEE21E9F7CFF002A4E87 /* Expression_63@2x.png */,
				9A48CEE31E9F7CFF002A4E87 /* Expression_64@2x.png */,
				9A48CEE41E9F7CFF002A4E87 /* Expression_65@2x.png */,
				9A48CEE51E9F7CFF002A4E87 /* Expression_66@2x.png */,
				9A48CEE61E9F7CFF002A4E87 /* Expression_67@2x.png */,
				9A48CEE71E9F7CFF002A4E87 /* Expression_68@2x.png */,
				9A48CEE81E9F7CFF002A4E87 /* Expression_69@2x.png */,
				9A48CEE91E9F7CFF002A4E87 /* Expression_6@2x.png */,
				9A48CEEA1E9F7CFF002A4E87 /* Expression_70@2x.png */,
				9A48CEEB1E9F7CFF002A4E87 /* Expression_71@2x.png */,
				9A48CEEC1E9F7CFF002A4E87 /* Expression_72@2x.png */,
				9A48CEED1E9F7CFF002A4E87 /* Expression_73@2x.png */,
				9A48CEEE1E9F7CFF002A4E87 /* Expression_74@2x.png */,
				9A48CEEF1E9F7CFF002A4E87 /* Expression_75@2x.png */,
				9A48CEF01E9F7CFF002A4E87 /* Expression_76@2x.png */,
				9A48CEF11E9F7CFF002A4E87 /* Expression_77@2x.png */,
				9A48CEF21E9F7CFF002A4E87 /* Expression_78@2x.png */,
				9A48CEF31E9F7CFF002A4E87 /* Expression_79@2x.png */,
				9A48CEF41E9F7CFF002A4E87 /* Expression_7@2x.png */,
				9A48CEF51E9F7CFF002A4E87 /* Expression_80@2x.png */,
				9A48CEF61E9F7CFF002A4E87 /* Expression_81@2x.png */,
				9A48CEF71E9F7CFF002A4E87 /* Expression_82@2x.png */,
				9A48CEF81E9F7CFF002A4E87 /* Expression_83@2x.png */,
				9A48CEF91E9F7CFF002A4E87 /* Expression_84@2x.png */,
				9A48CEFA1E9F7CFF002A4E87 /* Expression_85@2x.png */,
				9A48CEFB1E9F7CFF002A4E87 /* Expression_86@2x.png */,
				9A48CEFC1E9F7CFF002A4E87 /* Expression_87@2x.png */,
				9A48CEFD1E9F7CFF002A4E87 /* Expression_88@2x.png */,
				9A48CEFE1E9F7CFF002A4E87 /* Expression_89@2x.png */,
				9A48CEFF1E9F7CFF002A4E87 /* Expression_8@2x.png */,
				9A48CF001E9F7CFF002A4E87 /* Expression_90@2x.png */,
				9A48CF011E9F7CFF002A4E87 /* Expression_91@2x.png */,
				9A48CF021E9F7CFF002A4E87 /* Expression_92@2x.png */,
				9A48CF031E9F7CFF002A4E87 /* Expression_93@2x.png */,
				9A48CF041E9F7CFF002A4E87 /* Expression_94@2x.png */,
				9A48CF051E9F7CFF002A4E87 /* Expression_95@2x.png */,
				9A48CF061E9F7CFF002A4E87 /* Expression_96@2x.png */,
				9A48CF071E9F7CFF002A4E87 /* Expression_97@2x.png */,
				9A48CF081E9F7CFF002A4E87 /* Expression_98@2x.png */,
				9A48CF091E9F7CFF002A4E87 /* Expression_99@2x.png */,
				9A48CF0A1E9F7CFF002A4E87 /* Expression_9@2x.png */,
			);
			path = emotion;
			sourceTree = "<group>";
		};
		9A8DF0841E00E7E600CE9F21 /* KeyBoard */ = {
			isa = PBXGroup;
			children = (
				9A8DF0851E00E7E600CE9F21 /* Class */,
				9A8DF09A1E00E7E600CE9F21 /* KerboardResource */,
			);
			path = KeyBoard;
			sourceTree = "<group>";
		};
		9A8DF0851E00E7E600CE9F21 /* Class */ = {
			isa = PBXGroup;
			children = (
				9A48CF771E9F7EB1002A4E87 /* IMEmotionEntity.h */,
				9A48CF781E9F7EB1002A4E87 /* IMEmotionEntity.m */,
				9A8DF08E1E00E7E600CE9F21 /* InputToolbar.h */,
				9A8DF08F1E00E7E600CE9F21 /* InputToolbar.m */,
				9A8DF0861E00E7E600CE9F21 /* CollectionViewFlowLayout.h */,
				9A8DF0871E00E7E600CE9F21 /* CollectionViewFlowLayout.m */,
				9A8DF0881E00E7E600CE9F21 /* EmojiButtonView.h */,
				9A8DF0891E00E7E600CE9F21 /* EmojiButtonView.m */,
				9A8DF08A1E00E7E600CE9F21 /* EmojiCollectionViewCell.h */,
				9A8DF08B1E00E7E600CE9F21 /* EmojiCollectionViewCell.m */,
				9A8DF08C1E00E7E600CE9F21 /* EmotionImages.h */,
				9A8DF08D1E00E7E600CE9F21 /* EmotionImages.m */,
				9A8DF0921E00E7E600CE9F21 /* MoreButtonView.h */,
				9A8DF0931E00E7E600CE9F21 /* MoreButtonView.m */,
				9A8DF0941E00E7E600CE9F21 /* UITextView+Category.h */,
				9A8DF0951E00E7E600CE9F21 /* UITextView+Category.m */,
				9A8DF0961E00E7E600CE9F21 /* UIView+Extension.h */,
				9A8DF0971E00E7E600CE9F21 /* UIView+Extension.m */,
				9A8DF0981E00E7E600CE9F21 /* VoiceButtonView.h */,
				9A8DF0991E00E7E600CE9F21 /* VoiceButtonView.m */,
			);
			path = Class;
			sourceTree = "<group>";
		};
		9A8DF09A1E00E7E600CE9F21 /* KerboardResource */ = {
			isa = PBXGroup;
			children = (
				9A48CE9E1E9F7CFF002A4E87 /* emotion */,
				9A48CF7E1E9F836D002A4E87 /* Emoji.plist */,
				9A48CF7A1E9F832E002A4E87 /* img_defaulthead_nor@2x.png */,
				9A48CF7B1E9F832E002A4E87 /* img_defaulthead_nor@3x.png */,
				9A8DF0F81E00E7E600CE9F21 /* img_defaulthead_nor.png */,
				9A8DF0FB1E00E7E600CE9F21 /* liaotian_ic_biaoqing_nor.png */,
				9A8DF0FC1E00E7E600CE9F21 /* liaotian_ic_biaoqing_nor@2x.png */,
				9A8DF0FD1E00E7E600CE9F21 /* liaotian_ic_biaoqing_nor@3x.png */,
				9A8DF0FE1E00E7E600CE9F21 /* liaotian_ic_biaoqing_press.png */,
				9A8DF0FF1E00E7E600CE9F21 /* liaotian_ic_biaoqing_press@2x.png */,
				9A8DF1001E00E7E600CE9F21 /* liaotian_ic_biaoqing_press@3x.png */,
				9A8DF1011E00E7E600CE9F21 /* liaotian_ic_gengduo_nor.png */,
				9A8DF1021E00E7E600CE9F21 /* liaotian_ic_gengduo_nor@2x.png */,
				9A8DF1031E00E7E600CE9F21 /* liaotian_ic_gengduo_nor@3x.png */,
				9A8DF1041E00E7E600CE9F21 /* liaotian_ic_gengduo_press.png */,
				9A8DF1051E00E7E600CE9F21 /* liaotian_ic_gengduo_press@2x.png */,
				9A8DF1061E00E7E600CE9F21 /* liaotian_ic_gengduo_press@3x.png */,
				9A8DF1071E00E7E600CE9F21 /* liaotian_ic_jianpan_nor.png */,
				9A8DF1081E00E7E600CE9F21 /* liaotian_ic_jianpan_nor@2x.png */,
				9A8DF1091E00E7E600CE9F21 /* liaotian_ic_jianpan_nor@3x.png */,
				9A8DF10A1E00E7E600CE9F21 /* liaotian_ic_jianpan_press.png */,
				9A8DF10B1E00E7E600CE9F21 /* liaotian_ic_jianpan_press@2x.png */,
				9A8DF10C1E00E7E600CE9F21 /* liaotian_ic_jianpan_press@3x.png */,
				9A8DF10D1E00E7E600CE9F21 /* liaotian_ic_press.png */,
				9A8DF10E1E00E7E600CE9F21 /* liaotian_ic_press@2x.png */,
				9A8DF10F1E00E7E600CE9F21 /* liaotian_ic_press@3x.png */,
				9A8DF1101E00E7E600CE9F21 /* liaotian_ic_yuyin_nor.png */,
				9A8DF1111E00E7E600CE9F21 /* liaotian_ic_yuyin_nor@2x.png */,
				9A8DF1121E00E7E600CE9F21 /* liaotian_ic_yuyin_nor@3x.png */,
				9A8DF1131E00E7E600CE9F21 /* mianView.png */,
			);
			path = KerboardResource;
			sourceTree = "<group>";
		};
/* End PBXGroup section */

/* Begin PBXNativeTarget section */
		9A171F251D64796700D48B84 /* KeyBoard */ = {
			isa = PBXNativeTarget;
			buildConfigurationList = 9A171F3D1D64796800D48B84 /* Build configuration list for PBXNativeTarget "KeyBoard" */;
			buildPhases = (
				9A171F221D64796700D48B84 /* Sources */,
				9A171F231D64796700D48B84 /* Frameworks */,
				9A171F241D64796700D48B84 /* Resources */,
			);
			buildRules = (
			);
			dependencies = (
			);
			name = KeyBoard;
			productName = KeyBoard;
			productReference = 9A171F261D64796700D48B84 /* KeyBoard.app */;
			productType = "com.apple.product-type.application";
		};
/* End PBXNativeTarget section */

/* Begin PBXProject section */
		9A171F1E1D64796700D48B84 /* Project object */ = {
			isa = PBXProject;
			attributes = {
				LastUpgradeCheck = 0930;
				ORGANIZATIONNAME = Cocav;
				TargetAttributes = {
					9A171F251D64796700D48B84 = {
						CreatedOnToolsVersion = 7.3.1;
						DevelopmentTeam = 9ZL2LCLWLH;
					};
				};
			};
			buildConfigurationList = 9A171F211D64796700D48B84 /* Build configuration list for PBXProject "KeyBoard" */;
			compatibilityVersion = "Xcode 3.2";
			developmentRegion = English;
			hasScannedForEncodings = 0;
			knownRegions = (
				en,
				Base,
			);
			mainGroup = 9A171F1D1D64796700D48B84;
			productRefGroup = 9A171F271D64796700D48B84 /* Products */;
			projectDirPath = "";
			projectRoot = "";
			targets = (
				9A171F251D64796700D48B84 /* KeyBoard */,
			);
		};
/* End PBXProject section */

/* Begin PBXResourcesBuildPhase section */
		9A171F241D64796700D48B84 /* Resources */ = {
			isa = PBXResourcesBuildPhase;
			buildActionMask = 2147483647;
			files = (
				9A48CF531E9F7CFF002A4E87 /* Expression_68@2x.png in Resources */,
				9A48CF2A1E9F7CFF002A4E87 /* Expression_30@2x.png in Resources */,
				9A8DF18C1E00E7E600CE9F21 /* liaotian_ic_jianpan_press.png in Resources */,
				9A8DF1921E00E7E600CE9F21 /* liaotian_ic_yuyin_nor.png in Resources */,
				9A48CF5F1E9F7CFF002A4E87 /* Expression_79@2x.png in Resources */,
				9A48CF3C1E9F7CFF002A4E87 /* Expression_47@2x.png in Resources */,
				9A48CF331E9F7CFF002A4E87 /* Expression_39@2x.png in Resources */,
				9A8DF18D1E00E7E600CE9F21 /* liaotian_ic_jianpan_press@2x.png in Resources */,
				9A48CF421E9F7CFF002A4E87 /* Expression_52@2x.png in Resources */,
				9A48CF241E9F7CFF002A4E87 /* Expression_25@2x.png in Resources */,
				9A48CF5A1E9F7CFF002A4E87 /* Expression_74@2x.png in Resources */,
				9A48CF5B1E9F7CFF002A4E87 /* Expression_75@2x.png in Resources */,
				9A48CF321E9F7CFF002A4E87 /* Expression_38@2x.png in Resources */,
				9A171F391D64796800D48B84 /* LaunchScreen.storyboard in Resources */,
				9A8DF1891E00E7E600CE9F21 /* liaotian_ic_jianpan_nor.png in Resources */,
				9A48CF4A1E9F7CFF002A4E87 /* Expression_5@2x.png in Resources */,
				9A48CF2B1E9F7CFF002A4E87 /* Expression_31@2x.png in Resources */,
				9A48CF6B1E9F7CFF002A4E87 /* Expression_8@2x.png in Resources */,
				9A48CF351E9F7CFF002A4E87 /* Expression_40@2x.png in Resources */,
				9A48CF511E9F7CFF002A4E87 /* Expression_66@2x.png in Resources */,
				9A48CF131E9F7CFF002A4E87 /* Expression_105@2x.png in Resources */,
				9A48CF741E9F7CFF002A4E87 /* Expression_98@2x.png in Resources */,
				9A48CF661E9F7CFF002A4E87 /* Expression_85@2x.png in Resources */,
				9A8DF1941E00E7E600CE9F21 /* liaotian_ic_yuyin_nor@3x.png in Resources */,
				9A48CF4C1E9F7CFF002A4E87 /* Expression_61@2x.png in Resources */,
				9A48CF291E9F7CFF002A4E87 /* Expression_2@2x.png in Resources */,
				9A48CF711E9F7CFF002A4E87 /* Expression_95@2x.png in Resources */,
				9A48CF0B1E9F7CFF002A4E87 /* DeleteEmoticonBtn@2x.png in Resources */,
				9A48CF1F1E9F7CFF002A4E87 /* Expression_20@2x.png in Resources */,
				9A8DF1801E00E7E600CE9F21 /* liaotian_ic_biaoqing_press.png in Resources */,
				9A48CF361E9F7CFF002A4E87 /* Expression_41@2x.png in Resources */,
				9A48CF1A1E9F7CFF002A4E87 /* Expression_16@2x.png in Resources */,
				9A8DF1951E00E7E600CE9F21 /* mianView.png in Resources */,
				9A171F361D64796800D48B84 /* Assets.xcassets in Resources */,
				9A48CF431E9F7CFF002A4E87 /* Expression_53@2x.png in Resources */,
				9A48CF0D1E9F7CFF002A4E87 /* emotion_icons.plist in Resources */,
				9A48CF1C1E9F7CFF002A4E87 /* Expression_18@2x.png in Resources */,
				9A48CF0F1E9F7CFF002A4E87 /* Expression_101@2x.png in Resources */,
				9A48CF3B1E9F7CFF002A4E87 /* Expression_46@2x.png in Resources */,
				9A48CF7C1E9F832E002A4E87 /* img_defaulthead_nor@2x.png in Resources */,
				9A48CF6F1E9F7CFF002A4E87 /* Expression_93@2x.png in Resources */,
				9A48CF281E9F7CFF002A4E87 /* Expression_29@2x.png in Resources */,
				9A48CF271E9F7CFF002A4E87 /* Expression_28@2x.png in Resources */,
				9A48CF231E9F7CFF002A4E87 /* Expression_24@2x.png in Resources */,
				9A48CF651E9F7CFF002A4E87 /* Expression_84@2x.png in Resources */,
				9A8DF17D1E00E7E600CE9F21 /* liaotian_ic_biaoqing_nor.png in Resources */,
				9A48CF121E9F7CFF002A4E87 /* Expression_104@2x.png in Resources */,
				9A48CF461E9F7CFF002A4E87 /* Expression_56@2x.png in Resources */,
				9A171F341D64796800D48B84 /* Main.storyboard in Resources */,
				9A48CF411E9F7CFF002A4E87 /* Expression_51@2x.png in Resources */,
				9A48CF5E1E9F7CFF002A4E87 /* Expression_78@2x.png in Resources */,
				9A48CF451E9F7CFF002A4E87 /* Expression_55@2x.png in Resources */,
				9A48CF1D1E9F7CFF002A4E87 /* Expression_19@2x.png in Resources */,
				9A48CF101E9F7CFF002A4E87 /* Expression_102@2x.png in Resources */,
				9A48CF2C1E9F7CFF002A4E87 /* Expression_32@2x.png in Resources */,
				9A48CF221E9F7CFF002A4E87 /* Expression_23@2x.png in Resources */,
				9A8DF17F1E00E7E600CE9F21 /* liaotian_ic_biaoqing_nor@3x.png in Resources */,
				9A48CF631E9F7CFF002A4E87 /* Expression_82@2x.png in Resources */,
				9A48CF401E9F7CFF002A4E87 /* Expression_50@2x.png in Resources */,
				9A8DF1821E00E7E600CE9F21 /* liaotian_ic_biaoqing_press@3x.png in Resources */,
				9A48CF7F1E9F836D002A4E87 /* Emoji.plist in Resources */,
				9A48CF191E9F7CFF002A4E87 /* Expression_15@2x.png in Resources */,
				9A48CF311E9F7CFF002A4E87 /* Expression_37@2x.png in Resources */,
				9A48CF0C1E9F7CFF002A4E87 /* DeleteEmoticonBtnHL@2x.png in Resources */,
				9A48CF2E1E9F7CFF002A4E87 /* Expression_34@2x.png in Resources */,
				9A8DF1841E00E7E600CE9F21 /* liaotian_ic_gengduo_nor@2x.png in Resources */,
				9A48CF5C1E9F7CFF002A4E87 /* Expression_76@2x.png in Resources */,
				9A48CF3F1E9F7CFF002A4E87 /* Expression_4@2x.png in Resources */,
				9A48CF151E9F7CFF002A4E87 /* Expression_11@2x.png in Resources */,
				9A48CF6A1E9F7CFF002A4E87 /* Expression_89@2x.png in Resources */,
				9A48CF541E9F7CFF002A4E87 /* Expression_69@2x.png in Resources */,
				9A48CF2F1E9F7CFF002A4E87 /* Expression_35@2x.png in Resources */,
				9A48CF341E9F7CFF002A4E87 /* Expression_3@2x.png in Resources */,
				9A8DF1811E00E7E600CE9F21 /* liaotian_ic_biaoqing_press@2x.png in Resources */,
				9A48CF671E9F7CFF002A4E87 /* Expression_86@2x.png in Resources */,
				9A48CF701E9F7CFF002A4E87 /* Expression_94@2x.png in Resources */,
				9A48CF161E9F7CFF002A4E87 /* Expression_12@2x.png in Resources */,
				9A48CF211E9F7CFF002A4E87 /* Expression_22@2x.png in Resources */,
				9A48CF1B1E9F7CFF002A4E87 /* Expression_17@2x.png in Resources */,
				9A48CF6E1E9F7CFF002A4E87 /* Expression_92@2x.png in Resources */,
				9A8DF1911E00E7E600CE9F21 /* liaotian_ic_press@3x.png in Resources */,
				9A48CF4D1E9F7CFF002A4E87 /* Expression_62@2x.png in Resources */,
				9A702BA81D65A1FA00B40D65 /* img_defaulthead_nor.png in Resources */,
				9A48CF2D1E9F7CFF002A4E87 /* Expression_33@2x.png in Resources */,
				9A8DF1831E00E7E600CE9F21 /* liaotian_ic_gengduo_nor.png in Resources */,
				9A8DF17E1E00E7E600CE9F21 /* liaotian_ic_biaoqing_nor@2x.png in Resources */,
				9A48CF731E9F7CFF002A4E87 /* Expression_97@2x.png in Resources */,
				9A48CF251E9F7CFF002A4E87 /* Expression_26@2x.png in Resources */,
				9A48CF4E1E9F7CFF002A4E87 /* Expression_63@2x.png in Resources */,
				9A48CF471E9F7CFF002A4E87 /* Expression_57@2x.png in Resources */,
				9A48CF0E1E9F7CFF002A4E87 /* Expression_100@2x.png in Resources */,
				9A8DF18B1E00E7E600CE9F21 /* liaotian_ic_jianpan_nor@3x.png in Resources */,
				9A48CF751E9F7CFF002A4E87 /* Expression_99@2x.png in Resources */,
				9A48CF6D1E9F7CFF002A4E87 /* Expression_91@2x.png in Resources */,
				9A48CF391E9F7CFF002A4E87 /* Expression_44@2x.png in Resources */,
				9A8DF1861E00E7E600CE9F21 /* liaotian_ic_gengduo_press.png in Resources */,
				9A48CF721E9F7CFF002A4E87 /* Expression_96@2x.png in Resources */,
				9A48CF3E1E9F7CFF002A4E87 /* Expression_49@2x.png in Resources */,
				9A48CF261E9F7CFF002A4E87 /* Expression_27@2x.png in Resources */,
				9A48CF201E9F7CFF002A4E87 /* Expression_21@2x.png in Resources */,
				9A48CF371E9F7CFF002A4E87 /* Expression_42@2x.png in Resources */,
				9A8DF1901E00E7E600CE9F21 /* liaotian_ic_press@2x.png in Resources */,
				9A48CF681E9F7CFF002A4E87 /* Expression_87@2x.png in Resources */,
				9A8DF17A1E00E7E600CE9F21 /* img_defaulthead_nor.png in Resources */,
				9A48CF301E9F7CFF002A4E87 /* Expression_36@2x.png in Resources */,
				9A48CF171E9F7CFF002A4E87 /* Expression_13@2x.png in Resources */,
				9A48CF6C1E9F7CFF002A4E87 /* Expression_90@2x.png in Resources */,
				9A48CF141E9F7CFF002A4E87 /* Expression_10@2x.png in Resources */,
				9A48CF4B1E9F7CFF002A4E87 /* Expression_60@2x.png in Resources */,
				9A48CF381E9F7CFF002A4E87 /* Expression_43@2x.png in Resources */,
				9A48CF571E9F7CFF002A4E87 /* Expression_71@2x.png in Resources */,
				9A48CF491E9F7CFF002A4E87 /* Expression_59@2x.png in Resources */,
				9A48CF641E9F7CFF002A4E87 /* Expression_83@2x.png in Resources */,
				9A48CF5D1E9F7CFF002A4E87 /* Expression_77@2x.png in Resources */,
				9A48CF561E9F7CFF002A4E87 /* Expression_70@2x.png in Resources */,
				9A48CF4F1E9F7CFF002A4E87 /* Expression_64@2x.png in Resources */,
				9A702BA91D65A1FA00B40D65 /* img_defaulthead_nor@2x.png in Resources */,
				9A48CF761E9F7CFF002A4E87 /* Expression_9@2x.png in Resources */,
				9A48CF181E9F7CFF002A4E87 /* Expression_14@2x.png in Resources */,
				9A702BAA1D65A1FA00B40D65 /* img_defaulthead_nor@3x.png in Resources */,
				9A48CF111E9F7CFF002A4E87 /* Expression_103@2x.png in Resources */,
				9A48CF621E9F7CFF002A4E87 /* Expression_81@2x.png in Resources */,
				9A8DF18F1E00E7E600CE9F21 /* liaotian_ic_press.png in Resources */,
				9A48CF3D1E9F7CFF002A4E87 /* Expression_48@2x.png in Resources */,
				9A8DF1931E00E7E600CE9F21 /* liaotian_ic_yuyin_nor@2x.png in Resources */,
				9A8DF1881E00E7E600CE9F21 /* liaotian_ic_gengduo_press@3x.png in Resources */,
				9A48CF501E9F7CFF002A4E87 /* Expression_65@2x.png in Resources */,
				9A48CF441E9F7CFF002A4E87 /* Expression_54@2x.png in Resources */,
				9A48CF591E9F7CFF002A4E87 /* Expression_73@2x.png in Resources */,
				9A48CF691E9F7CFF002A4E87 /* Expression_88@2x.png in Resources */,
				9A8DF18A1E00E7E600CE9F21 /* liaotian_ic_jianpan_nor@2x.png in Resources */,
				9A48CF581E9F7CFF002A4E87 /* Expression_72@2x.png in Resources */,
				9A48CF1E1E9F7CFF002A4E87 /* Expression_1@2x.png in Resources */,
				9A48CF3A1E9F7CFF002A4E87 /* Expression_45@2x.png in Resources */,
				9A8DF1871E00E7E600CE9F21 /* liaotian_ic_gengduo_press@2x.png in Resources */,
				9A48CF551E9F7CFF002A4E87 /* Expression_6@2x.png in Resources */,
				9A48CF7D1E9F832F002A4E87 /* img_defaulthead_nor@3x.png in Resources */,
				9A48CF481E9F7CFF002A4E87 /* Expression_58@2x.png in Resources */,
				9A8DF1851E00E7E600CE9F21 /* liaotian_ic_gengduo_nor@3x.png in Resources */,
				9A8DF18E1E00E7E600CE9F21 /* liaotian_ic_jianpan_press@3x.png in Resources */,
				9A48CF611E9F7CFF002A4E87 /* Expression_80@2x.png in Resources */,
				9A48CF601E9F7CFF002A4E87 /* Expression_7@2x.png in Resources */,
				9A48CF521E9F7CFF002A4E87 /* Expression_67@2x.png in Resources */,
			);
			runOnlyForDeploymentPostprocessing = 0;
		};
/* End PBXResourcesBuildPhase section */

/* Begin PBXSourcesBuildPhase section */
		9A171F221D64796700D48B84 /* Sources */ = {
			isa = PBXSourcesBuildPhase;
			buildActionMask = 2147483647;
			files = (
				9A8DF1181E00E7E600CE9F21 /* InputToolbar.m in Sources */,
				9A171F311D64796700D48B84 /* ViewController.m in Sources */,
				9A8DF11C1E00E7E600CE9F21 /* UIView+Extension.m in Sources */,
				9A171F2E1D64796700D48B84 /* AppDelegate.m in Sources */,
				9A8DF11B1E00E7E600CE9F21 /* UITextView+Category.m in Sources */,
				9A8DF1141E00E7E600CE9F21 /* CollectionViewFlowLayout.m in Sources */,
				9A48CF791E9F7EB1002A4E87 /* IMEmotionEntity.m in Sources */,
				9A8DF1171E00E7E600CE9F21 /* EmotionImages.m in Sources */,
				9A8DF11A1E00E7E600CE9F21 /* MoreButtonView.m in Sources */,
				9A8DF1161E00E7E600CE9F21 /* EmojiCollectionViewCell.m in Sources */,
				9A3FCB8C1D6548BF0058D4A4 /* PushViewController.m in Sources */,
				9A8DF11D1E00E7E600CE9F21 /* VoiceButtonView.m in Sources */,
				9A171F2B1D64796700D48B84 /* main.m in Sources */,
				9A8DF1151E00E7E600CE9F21 /* EmojiButtonView.m in Sources */,
			);
			runOnlyForDeploymentPostprocessing = 0;
		};
/* End PBXSourcesBuildPhase section */

/* Begin PBXVariantGroup section */
		9A171F321D64796800D48B84 /* Main.storyboard */ = {
			isa = PBXVariantGroup;
			children = (
				9A171F331D64796800D48B84 /* Base */,
			);
			name = Main.storyboard;
			sourceTree = "<group>";
		};
		9A171F371D64796800D48B84 /* LaunchScreen.storyboard */ = {
			isa = PBXVariantGroup;
			children = (
				9A171F381D64796800D48B84 /* Base */,
			);
			name = LaunchScreen.storyboard;
			sourceTree = "<group>";
		};
/* End PBXVariantGroup section */

/* Begin XCBuildConfiguration section */
		9A171F3B1D64796800D48B84 /* Debug */ = {
			isa = XCBuildConfiguration;
			buildSettings = {
				ALWAYS_SEARCH_USER_PATHS = NO;
				CLANG_ANALYZER_NONNULL = YES;
				CLANG_CXX_LANGUAGE_STANDARD = "gnu++0x";
				CLANG_CXX_LIBRARY = "libc++";
				CLANG_ENABLE_MODULES = YES;
				CLANG_ENABLE_OBJC_ARC = YES;
				CLANG_WARN_BLOCK_CAPTURE_AUTORELEASING = YES;
				CLANG_WARN_BOOL_CONVERSION = YES;
				CLANG_WARN_COMMA = YES;
				CLANG_WARN_CONSTANT_CONVERSION = YES;
				CLANG_WARN_DEPRECATED_OBJC_IMPLEMENTATIONS = YES;
				CLANG_WARN_DIRECT_OBJC_ISA_USAGE = YES_ERROR;
				CLANG_WARN_EMPTY_BODY = YES;
				CLANG_WARN_ENUM_CONVERSION = YES;
				CLANG_WARN_INFINITE_RECURSION = YES;
				CLANG_WARN_INT_CONVERSION = YES;
				CLANG_WARN_NON_LITERAL_NULL_CONVERSION = YES;
				CLANG_WARN_OBJC_IMPLICIT_RETAIN_SELF = YES;
				CLANG_WARN_OBJC_LITERAL_CONVERSION = YES;
				CLANG_WARN_OBJC_ROOT_CLASS = YES_ERROR;
				CLANG_WARN_RANGE_LOOP_ANALYSIS = YES;
				CLANG_WARN_STRICT_PROTOTYPES = YES;
				CLANG_WARN_SUSPICIOUS_MOVE = YES;
				CLANG_WARN_UNREACHABLE_CODE = YES;
				CLANG_WARN__DUPLICATE_METHOD_MATCH = YES;
				"CODE_SIGN_IDENTITY[sdk=iphoneos*]" = "iPhone Developer";
				COPY_PHASE_STRIP = NO;
				DEBUG_INFORMATION_FORMAT = dwarf;
				ENABLE_STRICT_OBJC_MSGSEND = YES;
				ENABLE_TESTABILITY = YES;
				GCC_C_LANGUAGE_STANDARD = gnu99;
				GCC_DYNAMIC_NO_PIC = NO;
				GCC_NO_COMMON_BLOCKS = YES;
				GCC_OPTIMIZATION_LEVEL = 0;
				GCC_PREPROCESSOR_DEFINITIONS = (
					"DEBUG=1",
					"$(inherited)",
				);
				GCC_WARN_64_TO_32_BIT_CONVERSION = YES;
				GCC_WARN_ABOUT_RETURN_TYPE = YES_ERROR;
				GCC_WARN_UNDECLARED_SELECTOR = YES;
				GCC_WARN_UNINITIALIZED_AUTOS = YES_AGGRESSIVE;
				GCC_WARN_UNUSED_FUNCTION = YES;
				GCC_WARN_UNUSED_VARIABLE = YES;
				IPHONEOS_DEPLOYMENT_TARGET = 9.3;
				MTL_ENABLE_DEBUG_INFO = YES;
				ONLY_ACTIVE_ARCH = YES;
				SDKROOT = iphoneos;
			};
			name = Debug;
		};
		9A171F3C1D64796800D48B84 /* Release */ = {
			isa = XCBuildConfiguration;
			buildSettings = {
				ALWAYS_SEARCH_USER_PATHS = NO;
				CLANG_ANALYZER_NONNULL = YES;
				CLANG_CXX_LANGUAGE_STANDARD = "gnu++0x";
				CLANG_CXX_LIBRARY = "libc++";
				CLANG_ENABLE_MODULES = YES;
				CLANG_ENABLE_OBJC_ARC = YES;
				CLANG_WARN_BLOCK_CAPTURE_AUTORELEASING = YES;
				CLANG_WARN_BOOL_CONVERSION = YES;
				CLANG_WARN_COMMA = YES;
				CLANG_WARN_CONSTANT_CONVERSION = YES;
				CLANG_WARN_DEPRECATED_OBJC_IMPLEMENTATIONS = YES;
				CLANG_WARN_DIRECT_OBJC_ISA_USAGE = YES_ERROR;
				CLANG_WARN_EMPTY_BODY = YES;
				CLANG_WARN_ENUM_CONVERSION = YES;
				CLANG_WARN_INFINITE_RECURSION = YES;
				CLANG_WARN_INT_CONVERSION = YES;
				CLANG_WARN_NON_LITERAL_NULL_CONVERSION = YES;
				CLANG_WARN_OBJC_IMPLICIT_RETAIN_SELF = YES;
				CLANG_WARN_OBJC_LITERAL_CONVERSION = YES;
				CLANG_WARN_OBJC_ROOT_CLASS = YES_ERROR;
				CLANG_WARN_RANGE_LOOP_ANALYSIS = YES;
				CLANG_WARN_STRICT_PROTOTYPES = YES;
				CLANG_WARN_SUSPICIOUS_MOVE = YES;
				CLANG_WARN_UNREACHABLE_CODE = YES;
				CLANG_WARN__DUPLICATE_METHOD_MATCH = YES;
				"CODE_SIGN_IDENTITY[sdk=iphoneos*]" = "iPhone Developer";
				COPY_PHASE_STRIP = NO;
				DEBUG_INFORMATION_FORMAT = "dwarf-with-dsym";
				ENABLE_NS_ASSERTIONS = NO;
				ENABLE_STRICT_OBJC_MSGSEND = YES;
				GCC_C_LANGUAGE_STANDARD = gnu99;
				GCC_NO_COMMON_BLOCKS = YES;
				GCC_WARN_64_TO_32_BIT_CONVERSION = YES;
				GCC_WARN_ABOUT_RETURN_TYPE = YES_ERROR;
				GCC_WARN_UNDECLARED_SELECTOR = YES;
				GCC_WARN_UNINITIALIZED_AUTOS = YES_AGGRESSIVE;
				GCC_WARN_UNUSED_FUNCTION = YES;
				GCC_WARN_UNUSED_VARIABLE = YES;
				IPHONEOS_DEPLOYMENT_TARGET = 9.3;
				MTL_ENABLE_DEBUG_INFO = NO;
				SDKROOT = iphoneos;
				VALIDATE_PRODUCT = YES;
			};
			name = Release;
		};
		9A171F3E1D64796800D48B84 /* Debug */ = {
			isa = XCBuildConfiguration;
			buildSettings = {
				ASSETCATALOG_COMPILER_APPICON_NAME = AppIcon;
				DEVELOPMENT_TEAM = 9ZL2LCLWLH;
				INFOPLIST_FILE = KeyBoard/Info.plist;
				IPHONEOS_DEPLOYMENT_TARGET = 8.0;
				LD_RUNPATH_SEARCH_PATHS = "$(inherited) @executable_path/Frameworks";
				LIBRARY_SEARCH_PATHS = "";
				PRODUCT_BUNDLE_IDENTIFIER = com.cocav.KeyBoard;
				PRODUCT_NAME = "$(TARGET_NAME)";
			};
			name = Debug;
		};
		9A171F3F1D64796800D48B84 /* Release */ = {
			isa = XCBuildConfiguration;
			buildSettings = {
				ASSETCATALOG_COMPILER_APPICON_NAME = AppIcon;
				DEVELOPMENT_TEAM = 9ZL2LCLWLH;
				INFOPLIST_FILE = KeyBoard/Info.plist;
				IPHONEOS_DEPLOYMENT_TARGET = 8.0;
				LD_RUNPATH_SEARCH_PATHS = "$(inherited) @executable_path/Frameworks";
				LIBRARY_SEARCH_PATHS = "";
				PRODUCT_BUNDLE_IDENTIFIER = com.cocav.KeyBoard;
				PRODUCT_NAME = "$(TARGET_NAME)";
			};
			name = Release;
		};
/* End XCBuildConfiguration section */

/* Begin XCConfigurationList section */
		9A171F211D64796700D48B84 /* Build configuration list for PBXProject "KeyBoard" */ = {
			isa = XCConfigurationList;
			buildConfigurations = (
				9A171F3B1D64796800D48B84 /* Debug */,
				9A171F3C1D64796800D48B84 /* Release */,
			);
			defaultConfigurationIsVisible = 0;
			defaultConfigurationName = Release;
		};
		9A171F3D1D64796800D48B84 /* Build configuration list for PBXNativeTarget "KeyBoard" */ = {
			isa = XCConfigurationList;
			buildConfigurations = (
				9A171F3E1D64796800D48B84 /* Debug */,
				9A171F3F1D64796800D48B84 /* Release */,
			);
			defaultConfigurationIsVisible = 0;
			defaultConfigurationName = Release;
		};
/* End XCConfigurationList section */
	};
	rootObject = 9A171F1E1D64796700D48B84 /* Project object */;
}
